// !$*UTF8*$!
{
	archiveVersion = 1;
	classes = {
	};
	objectVersion = 54;
	objects = {

/* Begin PBXBuildFile section */
		06C366629D7830FD990F86EA /* Language.swift in Sources */ = {isa = PBXBuildFile; fileRef = 9A2B6B12457FD2510CC8F309 /* Language.swift */; };
		0B72B8D2755846D7E544EF0D /* Tour.swift in Sources */ = {isa = PBXBuildFile; fileRef = B0C66442A77E589C7851B06B /* Tour.swift */; };
		146D898F9F817C9E50F81DBD /* BusStop.swift in Sources */ = {isa = PBXBuildFile; fileRef = EE555BFD882B8B5094419296 /* BusStop.swift */; };
		1D1A09E87A7B9D79EB5C352F /* Pods_tourmeapp__iOS_.framework in Frameworks */ = {isa = PBXBuildFile; fileRef = 0DAB2F87ABF4EDFCC6C078D1 /* Pods_tourmeapp__iOS_.framework */; };
		40029BA226D9778800129632 /* DefaultDetailView.swift in Sources */ = {isa = PBXBuildFile; fileRef = 40029BA126D9778800129632 /* DefaultDetailView.swift */; };
		40029BA526D977D500129632 /* MapPinImage.swift in Sources */ = {isa = PBXBuildFile; fileRef = 40029BA426D977D500129632 /* MapPinImage.swift */; };
		400754E828F8F5E9000C366B /* BioView.swift in Sources */ = {isa = PBXBuildFile; fileRef = 400754E728F8F5E9000C366B /* BioView.swift */; };
		400ABF94287CDD5E000CCC79 /* KeyboardResponder.swift in Sources */ = {isa = PBXBuildFile; fileRef = 400ABF93287CDD5E000CCC79 /* KeyboardResponder.swift */; };
		400D943226BF95CB0094BE56 /* NoInternetView.swift in Sources */ = {isa = PBXBuildFile; fileRef = 400D943126BF95CB0094BE56 /* NoInternetView.swift */; };
		4032EBF62723EBEA0046D681 /* ConfirmResetPassword.swift in Sources */ = {isa = PBXBuildFile; fileRef = 4032EBF52723EBEA0046D681 /* ConfirmResetPassword.swift */; };
		4041DFAD270B5DB5002EC240 /* LiveStreamView.swift in Sources */ = {isa = PBXBuildFile; fileRef = 4041DFAC270B5DB5002EC240 /* LiveStreamView.swift */; };
		4044055F272E3B5F00E04090 /* Purchase+Schema.swift in Sources */ = {isa = PBXBuildFile; fileRef = 4044055D272E3B5F00E04090 /* Purchase+Schema.swift */; };
		40440560272E3B5F00E04090 /* Purchase.swift in Sources */ = {isa = PBXBuildFile; fileRef = 4044055E272E3B5F00E04090 /* Purchase.swift */; };
		404705742723AB7C0042DED3 /* LiveStream.swift in Sources */ = {isa = PBXBuildFile; fileRef = 4047056E2723AB7C0042DED3 /* LiveStream.swift */; };
		404705752723AB7C0042DED3 /* HomeContent+Schema.swift in Sources */ = {isa = PBXBuildFile; fileRef = 4047056F2723AB7C0042DED3 /* HomeContent+Schema.swift */; };
		404705762723AB7C0042DED3 /* HomeContent.swift in Sources */ = {isa = PBXBuildFile; fileRef = 404705702723AB7C0042DED3 /* HomeContent.swift */; };
		404705772723AB7C0042DED3 /* LiveStream+Schema.swift in Sources */ = {isa = PBXBuildFile; fileRef = 404705712723AB7C0042DED3 /* LiveStream+Schema.swift */; };
		4047057B2723B20D0042DED3 /* PagerView.swift in Sources */ = {isa = PBXBuildFile; fileRef = 4047057A2723B20D0042DED3 /* PagerView.swift */; };
		4047057D2723B5560042DED3 /* HomeContentPager.swift in Sources */ = {isa = PBXBuildFile; fileRef = 4047057C2723B5560042DED3 /* HomeContentPager.swift */; };
		4047057F2723B8840042DED3 /* HomeContentItemView.swift in Sources */ = {isa = PBXBuildFile; fileRef = 4047057E2723B8840042DED3 /* HomeContentItemView.swift */; };
		404705812723C5360042DED3 /* HomeContentViewModel.swift in Sources */ = {isa = PBXBuildFile; fileRef = 404705802723C5360042DED3 /* HomeContentViewModel.swift */; };
		404D75B828C63D7700C06D80 /* LandingView.swift in Sources */ = {isa = PBXBuildFile; fileRef = 404D75B728C63D7700C06D80 /* LandingView.swift */; };
		405518BD286635EC00F136FA /* profile.json in Resources */ = {isa = PBXBuildFile; fileRef = 405518BC286635EC00F136FA /* profile.json */; };
		405518C02866364E00F136FA /* LottieView.swift in Sources */ = {isa = PBXBuildFile; fileRef = 405518BF2866364E00F136FA /* LottieView.swift */; };
		405518C32866385900F136FA /* profile2.json in Resources */ = {isa = PBXBuildFile; fileRef = 405518C22866385900F136FA /* profile2.json */; };
		405518C628663CDF00F136FA /* profile3.json in Resources */ = {isa = PBXBuildFile; fileRef = 405518C528663CDF00F136FA /* profile3.json */; };
		405858DC266A985400832541 /* ToursListView.swift in Sources */ = {isa = PBXBuildFile; fileRef = 405858DB266A985400832541 /* ToursListView.swift */; };
		405858E2266A986D00832541 /* TourDetailView.swift in Sources */ = {isa = PBXBuildFile; fileRef = 405858E1266A986D00832541 /* TourDetailView.swift */; };
		405858E5266A987900832541 /* TourListItemView.swift in Sources */ = {isa = PBXBuildFile; fileRef = 405858E4266A987900832541 /* TourListItemView.swift */; };
		405858E8266A98A400832541 /* TourViewModel.swift in Sources */ = {isa = PBXBuildFile; fileRef = 405858E7266A98A400832541 /* TourViewModel.swift */; };
		405E903E26C587190004E083 /* SettingsView.swift in Sources */ = {isa = PBXBuildFile; fileRef = 405E903D26C587190004E083 /* SettingsView.swift */; };
		405F87702794B9E000A905CA /* ToursGridView.swift in Sources */ = {isa = PBXBuildFile; fileRef = 405F876F2794B9E000A905CA /* ToursGridView.swift */; };
		405F87722795271D00A905CA /* UIDevice+Extensions.swift in Sources */ = {isa = PBXBuildFile; fileRef = 405F87712795271D00A905CA /* UIDevice+Extensions.swift */; };
		4060492226FABB20009D86CF /* EmailHelper.swift in Sources */ = {isa = PBXBuildFile; fileRef = 4060492126FABB1F009D86CF /* EmailHelper.swift */; };
		4066382C27937319001FFDC4 /* OnboardingView.swift in Sources */ = {isa = PBXBuildFile; fileRef = 4066382B27937319001FFDC4 /* OnboardingView.swift */; };
		406E003C278F494E0067DD01 /* AVMoviePlayer.swift in Sources */ = {isa = PBXBuildFile; fileRef = 406E003B278F494E0067DD01 /* AVMoviePlayer.swift */; };
		406E003F2790C7A70067DD01 /* S3ViewModel.swift in Sources */ = {isa = PBXBuildFile; fileRef = 406E003E2790C7A70067DD01 /* S3ViewModel.swift */; };
		406E0044279208670067DD01 /* Localizable.strings in Resources */ = {isa = PBXBuildFile; fileRef = 406E0046279208670067DD01 /* Localizable.strings */; };
		406E004C27920B600067DD01 /* LocalizationService.swift in Sources */ = {isa = PBXBuildFile; fileRef = 406E004B27920B600067DD01 /* LocalizationService.swift */; };
		40711A3B26A5DC8D008F86FC /* PrettyModifierExtensions.swift in Sources */ = {isa = PBXBuildFile; fileRef = 40711A3A26A5DC8D008F86FC /* PrettyModifierExtensions.swift */; };
		40711A3D26A5DD4F008F86FC /* SessionManager.swift in Sources */ = {isa = PBXBuildFile; fileRef = 40711A3C26A5DD4F008F86FC /* SessionManager.swift */; };
		40711A4126A5F975008F86FC /* ConfirmCodeView.swift in Sources */ = {isa = PBXBuildFile; fileRef = 40711A4026A5F975008F86FC /* ConfirmCodeView.swift */; };
		407445DC2731A002006A5B55 /* StoreKit.framework in Frameworks */ = {isa = PBXBuildFile; fileRef = 407445DB2731A002006A5B55 /* StoreKit.framework */; };
		408613F726B9E22D0036C279 /* GoogleService-Info.plist in Resources */ = {isa = PBXBuildFile; fileRef = 408613F626B9E22D0036C279 /* GoogleService-Info.plist */; };
		408A59DA2866595A00467BB0 /* UserProfile.swift in Sources */ = {isa = PBXBuildFile; fileRef = 408A59D82866595A00467BB0 /* UserProfile.swift */; };
		408A59DC2866595A00467BB0 /* UserProfile+Schema.swift in Sources */ = {isa = PBXBuildFile; fileRef = 408A59D92866595A00467BB0 /* UserProfile+Schema.swift */; };
		408D713C2669127900F272A2 /* Tests_iOS.swift in Sources */ = {isa = PBXBuildFile; fileRef = 408D713B2669127900F272A2 /* Tests_iOS.swift */; };
		408D71472669127900F272A2 /* Tests_macOS.swift in Sources */ = {isa = PBXBuildFile; fileRef = 408D71462669127900F272A2 /* Tests_macOS.swift */; };
		408D71492669127900F272A2 /* tourmeappApp.swift in Sources */ = {isa = PBXBuildFile; fileRef = 408D71202669127500F272A2 /* tourmeappApp.swift */; };
		408D714D2669127900F272A2 /* Assets.xcassets in Resources */ = {isa = PBXBuildFile; fileRef = 408D71222669127800F272A2 /* Assets.xcassets */; };
		408D716926691C4600F272A2 /* MenuModel.swift in Sources */ = {isa = PBXBuildFile; fileRef = 408D716826691C4600F272A2 /* MenuModel.swift */; };
		408D717C266A661200F272A2 /* MainView.swift in Sources */ = {isa = PBXBuildFile; fileRef = 408D717B266A661200F272A2 /* MainView.swift */; };
		409A531726F4DF7F00B535A3 /* UserPreferencesStore.swift in Sources */ = {isa = PBXBuildFile; fileRef = 409A531626F4DF7F00B535A3 /* UserPreferencesStore.swift */; };
		40AA169C26BD8163001E7E7F /* TourPlayerView.swift in Sources */ = {isa = PBXBuildFile; fileRef = 40AA169B26BD8163001E7E7F /* TourPlayerView.swift */; };
		40AA169F26BD83E7001E7E7F /* BusStopListItemView.swift in Sources */ = {isa = PBXBuildFile; fileRef = 40AA169E26BD83E7001E7E7F /* BusStopListItemView.swift */; };
		40AA16A226BD8BAE001E7E7F /* CustomVideoPlayer.swift in Sources */ = {isa = PBXBuildFile; fileRef = 40AA16A126BD8BAE001E7E7F /* CustomVideoPlayer.swift */; };
		40AA16A526BDAE3F001E7E7F /* ToursMapView.swift in Sources */ = {isa = PBXBuildFile; fileRef = 40AA16A426BDAE3F001E7E7F /* ToursMapView.swift */; };
		40C2083C29D2237C003ABF3B /* Subtitle.swift in Sources */ = {isa = PBXBuildFile; fileRef = 40C2083B29D2237C003ABF3B /* Subtitle.swift */; };
		40D89F0126BDE227006D6D17 /* BCGAsyncImage.swift in Sources */ = {isa = PBXBuildFile; fileRef = 40D89F0026BDE227006D6D17 /* BCGAsyncImage.swift */; };
		40E7219C266A70E70039157F /* SplashView.swift in Sources */ = {isa = PBXBuildFile; fileRef = 40E7219B266A70E70039157F /* SplashView.swift */; };
		40EBE87626C19D8800273625 /* PlayerViewModel.swift in Sources */ = {isa = PBXBuildFile; fileRef = 40EBE87526C19D8800273625 /* PlayerViewModel.swift */; };
		40EBE87926C1A5C300273625 /* View+Extensions.swift in Sources */ = {isa = PBXBuildFile; fileRef = 40EBE87826C1A5C300273625 /* View+Extensions.swift */; };
		40FEEBD726BC6C6E0013C173 /* String+Extensions.swift in Sources */ = {isa = PBXBuildFile; fileRef = 40FEEBD626BC6C6E0013C173 /* String+Extensions.swift */; };
		433A4756F3F7080C9819967D /* GeoPoint+Schema.swift in Sources */ = {isa = PBXBuildFile; fileRef = 5C43244BB99712517422B292 /* GeoPoint+Schema.swift */; };
		67AE8356CE905BEF64F63D8F /* GeoPoint.swift in Sources */ = {isa = PBXBuildFile; fileRef = DE6CBEA47F0D3E5A00C72338 /* GeoPoint.swift */; };
		797DAB3343BD40A314580756 /* GeoPoint+Schema.swift in Sources */ = {isa = PBXBuildFile; fileRef = 5C43244BB99712517422B292 /* GeoPoint+Schema.swift */; };
		7ABCDF8A5A058946F6F9658C /* AmplifyModels.swift in Sources */ = {isa = PBXBuildFile; fileRef = D7B687507713AC565751D483 /* AmplifyModels.swift */; };
		7B1F08582B0CB5D200D7E4CD /* InriaSans-Regular.ttf in Resources */ = {isa = PBXBuildFile; fileRef = 7B1F08522B0CB5CE00D7E4CD /* InriaSans-Regular.ttf */; };
		7B1F08592B0CB5D200D7E4CD /* InriaSans-Bold.ttf in Resources */ = {isa = PBXBuildFile; fileRef = 7B1F08532B0CB5CF00D7E4CD /* InriaSans-Bold.ttf */; };
		7B1F085A2B0CB5D200D7E4CD /* InriaSans-Light.ttf in Resources */ = {isa = PBXBuildFile; fileRef = 7B1F08542B0CB5D000D7E4CD /* InriaSans-Light.ttf */; };
		7B1F085B2B0CB5D200D7E4CD /* InriaSans-BoldItalic.ttf in Resources */ = {isa = PBXBuildFile; fileRef = 7B1F08552B0CB5D000D7E4CD /* InriaSans-BoldItalic.ttf */; };
		7B1F085C2B0CB5D200D7E4CD /* InriaSans-Italic.ttf in Resources */ = {isa = PBXBuildFile; fileRef = 7B1F08562B0CB5D100D7E4CD /* InriaSans-Italic.ttf */; };
		7B1F085D2B0CB5D200D7E4CD /* InriaSans-LightItalic.ttf in Resources */ = {isa = PBXBuildFile; fileRef = 7B1F08572B0CB5D200D7E4CD /* InriaSans-LightItalic.ttf */; };
		7B1F08602B0CB64C00D7E4CD /* FontsExtentions.swift in Sources */ = {isa = PBXBuildFile; fileRef = 7B1F085F2B0CB64C00D7E4CD /* FontsExtentions.swift */; };
		7B1F08632B0D02B000D7E4CD /* FirebaseAnalytics in Frameworks */ = {isa = PBXBuildFile; productRef = 7B1F08622B0D02B000D7E4CD /* FirebaseAnalytics */; };
		7B1F08652B0D02B000D7E4CD /* FirebaseCrashlytics in Frameworks */ = {isa = PBXBuildFile; productRef = 7B1F08642B0D02B000D7E4CD /* FirebaseCrashlytics */; };
		7B1F08672B0D02B000D7E4CD /* FirebaseMessaging in Frameworks */ = {isa = PBXBuildFile; productRef = 7B1F08662B0D02B000D7E4CD /* FirebaseMessaging */; };
		7B1F08692B0D02B000D7E4CD /* FirebasePerformance in Frameworks */ = {isa = PBXBuildFile; productRef = 7B1F08682B0D02B000D7E4CD /* FirebasePerformance */; };
		7B3E20F32B31552900A041F7 /* LoginView.swift in Sources */ = {isa = PBXBuildFile; fileRef = 7B3E20F22B31552900A041F7 /* LoginView.swift */; };
		7B3E20F52B31642C00A041F7 /* SignUpView.swift in Sources */ = {isa = PBXBuildFile; fileRef = 7B3E20F42B31642C00A041F7 /* SignUpView.swift */; };
		7B3E20F72B317B0B00A041F7 /* ResetPasswordView.swift in Sources */ = {isa = PBXBuildFile; fileRef = 7B3E20F62B317B0B00A041F7 /* ResetPasswordView.swift */; };
		7B3E20F92B317E1400A041F7 /* PasswordOTPView.swift in Sources */ = {isa = PBXBuildFile; fileRef = 7B3E20F82B317E1400A041F7 /* PasswordOTPView.swift */; };
		7B5947132B1879450038A7E4 /* PayPalViewModel.swift in Sources */ = {isa = PBXBuildFile; fileRef = 7B5947122B1879450038A7E4 /* PayPalViewModel.swift */; };
		7B5947182B188BB50038A7E4 /* AppDelegateViewModel.swift in Sources */ = {isa = PBXBuildFile; fileRef = 7B5947172B188BB50038A7E4 /* AppDelegateViewModel.swift */; };
		7B5B0EA42B1487EA005E0B4E /* SupportUsView.swift in Sources */ = {isa = PBXBuildFile; fileRef = 7B5B0EA32B1487EA005E0B4E /* SupportUsView.swift */; };
		7B69BF852B3EB6C000DEDEA6 /* SpecialEventsViewModel.swift in Sources */ = {isa = PBXBuildFile; fileRef = 7B69BF842B3EB6C000DEDEA6 /* SpecialEventsViewModel.swift */; };
		7B69BF872B3EBC8900DEDEA6 /* SpecialEventsDetailsView.swift in Sources */ = {isa = PBXBuildFile; fileRef = 7B69BF862B3EBC8900DEDEA6 /* SpecialEventsDetailsView.swift */; };
		7B69BF892B3ED22100DEDEA6 /* TourDetailsViewModel.swift in Sources */ = {isa = PBXBuildFile; fileRef = 7B69BF882B3ED22100DEDEA6 /* TourDetailsViewModel.swift */; };
		7B8ACD732B3E84A000784EF3 /* SignUpViewModel.swift in Sources */ = {isa = PBXBuildFile; fileRef = 7B8ACD722B3E84A000784EF3 /* SignUpViewModel.swift */; };
		7B8ACD762B3EA46800784EF3 /* SpecialEventsView.swift in Sources */ = {isa = PBXBuildFile; fileRef = 7B8ACD752B3EA46800784EF3 /* SpecialEventsView.swift */; };
		7B9DBAE02B4D778E00622EF8 /* LogoutView.swift in Sources */ = {isa = PBXBuildFile; fileRef = 7B9DBADF2B4D778E00622EF8 /* LogoutView.swift */; };
		7BA3DA212B0F530D0025B5C1 /* FloatingLabelTextFieldSwiftUI in Frameworks */ = {isa = PBXBuildFile; productRef = 7BA3DA202B0F530D0025B5C1 /* FloatingLabelTextFieldSwiftUI */; };
		7BA3DA242B0F6F810025B5C1 /* Kingfisher in Frameworks */ = {isa = PBXBuildFile; productRef = 7BA3DA232B0F6F810025B5C1 /* Kingfisher */; };
		7BA3DA262B10A5FE0025B5C1 /* OurVisionView.swift in Sources */ = {isa = PBXBuildFile; fileRef = 7BA3DA252B10A5FE0025B5C1 /* OurVisionView.swift */; };
		7BA682222B765BDB0062FE8D /* YouTubePlayerKit in Frameworks */ = {isa = PBXBuildFile; productRef = 7BA682212B765BDB0062FE8D /* YouTubePlayerKit */; };
		7BC5F2422B147725003AC84B /* MeetOutTeamView.swift in Sources */ = {isa = PBXBuildFile; fileRef = 7BC5F2412B147725003AC84B /* MeetOutTeamView.swift */; };
		7BC5F2442B148247003AC84B /* MeetOurTeamDetailsView.swift in Sources */ = {isa = PBXBuildFile; fileRef = 7BC5F2432B148247003AC84B /* MeetOurTeamDetailsView.swift */; };
		7BEA64E22B3ACF2F006C18F8 /* ToastSwiftUI in Frameworks */ = {isa = PBXBuildFile; productRef = 7BEA64E12B3ACF2F006C18F8 /* ToastSwiftUI */; };
		7BEA64E52B3ACF50006C18F8 /* LoginViewModel.swift in Sources */ = {isa = PBXBuildFile; fileRef = 7BEA64E42B3ACF50006C18F8 /* LoginViewModel.swift */; };
		7BEA64E82B3AD5A4006C18F8 /* NetworkManager.swift in Sources */ = {isa = PBXBuildFile; fileRef = 7BEA64E72B3AD5A4006C18F8 /* NetworkManager.swift */; };
		7BEA64EA2B3AD714006C18F8 /* API.swift in Sources */ = {isa = PBXBuildFile; fileRef = 7BEA64E92B3AD714006C18F8 /* API.swift */; };
		7BF4904E2B4BD37A0036FFE9 /* CommentsView.swift in Sources */ = {isa = PBXBuildFile; fileRef = 7BF4904D2B4BD37A0036FFE9 /* CommentsView.swift */; };
		7BF490502B4BDC3C0036FFE9 /* CommentsViewModel.swift in Sources */ = {isa = PBXBuildFile; fileRef = 7BF4904F2B4BDC3C0036FFE9 /* CommentsViewModel.swift */; };
		7DA8245C00B7C9697CE2D696 /* Language.swift in Sources */ = {isa = PBXBuildFile; fileRef = 9A2B6B12457FD2510CC8F309 /* Language.swift */; };
		8C8BF32C4C783BAAA9F7B97A /* AmplifyModels.swift in Sources */ = {isa = PBXBuildFile; fileRef = D7B687507713AC565751D483 /* AmplifyModels.swift */; };
		8DA58F0FC51A8D758F653BE2 /* Tour.swift in Sources */ = {isa = PBXBuildFile; fileRef = B0C66442A77E589C7851B06B /* Tour.swift */; };
		AB9AFDFAFCEE977A6E082EDA /* Tour+Schema.swift in Sources */ = {isa = PBXBuildFile; fileRef = B7536E0D381749669ABB1D40 /* Tour+Schema.swift */; };
		BC5A4CFA54EB3761586F17EB /* Tour+Schema.swift in Sources */ = {isa = PBXBuildFile; fileRef = B7536E0D381749669ABB1D40 /* Tour+Schema.swift */; };
		BE916C534570E8C89355FC3D /* GeoPoint.swift in Sources */ = {isa = PBXBuildFile; fileRef = DE6CBEA47F0D3E5A00C72338 /* GeoPoint.swift */; };
		D3ECA69C2CB7B8C700C0FE01 /* DeleteAccView.swift in Sources */ = {isa = PBXBuildFile; fileRef = D3ECA69B2CB7B8B900C0FE01 /* DeleteAccView.swift */; };
		D3ECA69E2CB7C0A700C0FE01 /* DeleteAccViewModel.swift in Sources */ = {isa = PBXBuildFile; fileRef = D3ECA69D2CB7C09D00C0FE01 /* DeleteAccViewModel.swift */; };
		F37A2BF25F241C2B1C35F196 /* BusStop+Schema.swift in Sources */ = {isa = PBXBuildFile; fileRef = 517EE328D7FDBB709DEF3761 /* BusStop+Schema.swift */; };
/* End PBXBuildFile section */

/* Begin PBXContainerItemProxy section */
		408D71382669127900F272A2 /* PBXContainerItemProxy */ = {
			isa = PBXContainerItemProxy;
			containerPortal = 408D711B2669127500F272A2 /* Project object */;
			proxyType = 1;
			remoteGlobalIDString = 408D71262669127900F272A2;
			remoteInfo = "tourmeapp (iOS)";
		};
/* End PBXContainerItemProxy section */

/* Begin PBXFileReference section */
		0DAB2F87ABF4EDFCC6C078D1 /* Pods_tourmeapp__iOS_.framework */ = {isa = PBXFileReference; explicitFileType = wrapper.framework; includeInIndex = 0; path = Pods_tourmeapp__iOS_.framework; sourceTree = BUILT_PRODUCTS_DIR; };
		40029BA126D9778800129632 /* DefaultDetailView.swift */ = {isa = PBXFileReference; lastKnownFileType = sourcecode.swift; path = DefaultDetailView.swift; sourceTree = "<group>"; };
		40029BA426D977D500129632 /* MapPinImage.swift */ = {isa = PBXFileReference; lastKnownFileType = sourcecode.swift; path = MapPinImage.swift; sourceTree = "<group>"; };
		400754E728F8F5E9000C366B /* BioView.swift */ = {isa = PBXFileReference; lastKnownFileType = sourcecode.swift; path = BioView.swift; sourceTree = "<group>"; };
		400ABF93287CDD5E000CCC79 /* KeyboardResponder.swift */ = {isa = PBXFileReference; lastKnownFileType = sourcecode.swift; path = KeyboardResponder.swift; sourceTree = "<group>"; };
		400D943126BF95CB0094BE56 /* NoInternetView.swift */ = {isa = PBXFileReference; lastKnownFileType = sourcecode.swift; path = NoInternetView.swift; sourceTree = "<group>"; };
		4032EBF52723EBEA0046D681 /* ConfirmResetPassword.swift */ = {isa = PBXFileReference; lastKnownFileType = sourcecode.swift; path = ConfirmResetPassword.swift; sourceTree = "<group>"; };
		4041DFAC270B5DB5002EC240 /* LiveStreamView.swift */ = {isa = PBXFileReference; lastKnownFileType = sourcecode.swift; path = LiveStreamView.swift; sourceTree = "<group>"; };
		4044055D272E3B5F00E04090 /* Purchase+Schema.swift */ = {isa = PBXFileReference; fileEncoding = 4; lastKnownFileType = sourcecode.swift; name = "Purchase+Schema.swift"; path = "amplify/generated/models/Purchase+Schema.swift"; sourceTree = "<group>"; };
		4044055E272E3B5F00E04090 /* Purchase.swift */ = {isa = PBXFileReference; fileEncoding = 4; lastKnownFileType = sourcecode.swift; name = Purchase.swift; path = amplify/generated/models/Purchase.swift; sourceTree = "<group>"; };
		4047056E2723AB7C0042DED3 /* LiveStream.swift */ = {isa = PBXFileReference; fileEncoding = 4; lastKnownFileType = sourcecode.swift; name = LiveStream.swift; path = amplify/generated/models/LiveStream.swift; sourceTree = "<group>"; };
		4047056F2723AB7C0042DED3 /* HomeContent+Schema.swift */ = {isa = PBXFileReference; fileEncoding = 4; lastKnownFileType = sourcecode.swift; name = "HomeContent+Schema.swift"; path = "amplify/generated/models/HomeContent+Schema.swift"; sourceTree = "<group>"; };
		404705702723AB7C0042DED3 /* HomeContent.swift */ = {isa = PBXFileReference; fileEncoding = 4; lastKnownFileType = sourcecode.swift; name = HomeContent.swift; path = amplify/generated/models/HomeContent.swift; sourceTree = "<group>"; };
		404705712723AB7C0042DED3 /* LiveStream+Schema.swift */ = {isa = PBXFileReference; fileEncoding = 4; lastKnownFileType = sourcecode.swift; name = "LiveStream+Schema.swift"; path = "amplify/generated/models/LiveStream+Schema.swift"; sourceTree = "<group>"; };
		4047057A2723B20D0042DED3 /* PagerView.swift */ = {isa = PBXFileReference; lastKnownFileType = sourcecode.swift; path = PagerView.swift; sourceTree = "<group>"; };
		4047057C2723B5560042DED3 /* HomeContentPager.swift */ = {isa = PBXFileReference; lastKnownFileType = sourcecode.swift; path = HomeContentPager.swift; sourceTree = "<group>"; };
		4047057E2723B8840042DED3 /* HomeContentItemView.swift */ = {isa = PBXFileReference; lastKnownFileType = sourcecode.swift; path = HomeContentItemView.swift; sourceTree = "<group>"; };
		404705802723C5360042DED3 /* HomeContentViewModel.swift */ = {isa = PBXFileReference; lastKnownFileType = sourcecode.swift; path = HomeContentViewModel.swift; sourceTree = "<group>"; };
		404D75B728C63D7700C06D80 /* LandingView.swift */ = {isa = PBXFileReference; lastKnownFileType = sourcecode.swift; path = LandingView.swift; sourceTree = "<group>"; };
		405518BC286635EC00F136FA /* profile.json */ = {isa = PBXFileReference; fileEncoding = 4; lastKnownFileType = text.json; path = profile.json; sourceTree = "<group>"; };
		405518BF2866364E00F136FA /* LottieView.swift */ = {isa = PBXFileReference; lastKnownFileType = sourcecode.swift; path = LottieView.swift; sourceTree = "<group>"; };
		405518C22866385900F136FA /* profile2.json */ = {isa = PBXFileReference; fileEncoding = 4; lastKnownFileType = text.json; path = profile2.json; sourceTree = "<group>"; };
		405518C528663CDF00F136FA /* profile3.json */ = {isa = PBXFileReference; fileEncoding = 4; lastKnownFileType = text.json; path = profile3.json; sourceTree = "<group>"; };
		405858DB266A985400832541 /* ToursListView.swift */ = {isa = PBXFileReference; lastKnownFileType = sourcecode.swift; path = ToursListView.swift; sourceTree = "<group>"; };
		405858E1266A986D00832541 /* TourDetailView.swift */ = {isa = PBXFileReference; lastKnownFileType = sourcecode.swift; path = TourDetailView.swift; sourceTree = "<group>"; };
		405858E4266A987900832541 /* TourListItemView.swift */ = {isa = PBXFileReference; lastKnownFileType = sourcecode.swift; path = TourListItemView.swift; sourceTree = "<group>"; };
		405858E7266A98A400832541 /* TourViewModel.swift */ = {isa = PBXFileReference; lastKnownFileType = sourcecode.swift; path = TourViewModel.swift; sourceTree = "<group>"; };
		405E903D26C587190004E083 /* SettingsView.swift */ = {isa = PBXFileReference; fileEncoding = 4; lastKnownFileType = sourcecode.swift; path = SettingsView.swift; sourceTree = "<group>"; };
		405F876F2794B9E000A905CA /* ToursGridView.swift */ = {isa = PBXFileReference; lastKnownFileType = sourcecode.swift; path = ToursGridView.swift; sourceTree = "<group>"; };
		405F87712795271D00A905CA /* UIDevice+Extensions.swift */ = {isa = PBXFileReference; lastKnownFileType = sourcecode.swift; path = "UIDevice+Extensions.swift"; sourceTree = "<group>"; };
		4060492126FABB1F009D86CF /* EmailHelper.swift */ = {isa = PBXFileReference; lastKnownFileType = sourcecode.swift; path = EmailHelper.swift; sourceTree = "<group>"; };
		4066382B27937319001FFDC4 /* OnboardingView.swift */ = {isa = PBXFileReference; lastKnownFileType = sourcecode.swift; path = OnboardingView.swift; sourceTree = "<group>"; };
		406E003B278F494E0067DD01 /* AVMoviePlayer.swift */ = {isa = PBXFileReference; lastKnownFileType = sourcecode.swift; path = AVMoviePlayer.swift; sourceTree = "<group>"; };
		406E003E2790C7A70067DD01 /* S3ViewModel.swift */ = {isa = PBXFileReference; lastKnownFileType = sourcecode.swift; path = S3ViewModel.swift; sourceTree = "<group>"; };
		406E0045279208670067DD01 /* en */ = {isa = PBXFileReference; lastKnownFileType = text.plist.strings; name = en; path = en.lproj/Localizable.strings; sourceTree = "<group>"; };
		406E00482792087D0067DD01 /* es */ = {isa = PBXFileReference; lastKnownFileType = text.plist.strings; name = es; path = es.lproj/Localizable.strings; sourceTree = "<group>"; };
		406E004B27920B600067DD01 /* LocalizationService.swift */ = {isa = PBXFileReference; lastKnownFileType = sourcecode.swift; path = LocalizationService.swift; sourceTree = "<group>"; };
		406E004E279217270067DD01 /* pt */ = {isa = PBXFileReference; lastKnownFileType = text.plist.strings; name = pt; path = pt.lproj/Localizable.strings; sourceTree = "<group>"; };
		40711A3A26A5DC8D008F86FC /* PrettyModifierExtensions.swift */ = {isa = PBXFileReference; lastKnownFileType = sourcecode.swift; path = PrettyModifierExtensions.swift; sourceTree = "<group>"; };
		40711A3C26A5DD4F008F86FC /* SessionManager.swift */ = {isa = PBXFileReference; lastKnownFileType = sourcecode.swift; path = SessionManager.swift; sourceTree = "<group>"; };
		40711A4026A5F975008F86FC /* ConfirmCodeView.swift */ = {isa = PBXFileReference; lastKnownFileType = sourcecode.swift; path = ConfirmCodeView.swift; sourceTree = "<group>"; };
		407445DB2731A002006A5B55 /* StoreKit.framework */ = {isa = PBXFileReference; lastKnownFileType = wrapper.framework; name = StoreKit.framework; path = Platforms/iPhoneOS.platform/Developer/SDKs/iPhoneOS15.0.sdk/System/Library/Frameworks/StoreKit.framework; sourceTree = DEVELOPER_DIR; };
		408613F626B9E22D0036C279 /* GoogleService-Info.plist */ = {isa = PBXFileReference; fileEncoding = 4; lastKnownFileType = text.plist.xml; path = "GoogleService-Info.plist"; sourceTree = "<group>"; };
		408A59D82866595A00467BB0 /* UserProfile.swift */ = {isa = PBXFileReference; fileEncoding = 4; lastKnownFileType = sourcecode.swift; name = UserProfile.swift; path = amplify/generated/models/UserProfile.swift; sourceTree = "<group>"; };
		408A59D92866595A00467BB0 /* UserProfile+Schema.swift */ = {isa = PBXFileReference; fileEncoding = 4; lastKnownFileType = sourcecode.swift; name = "UserProfile+Schema.swift"; path = "amplify/generated/models/UserProfile+Schema.swift"; sourceTree = "<group>"; };
		408D71202669127500F272A2 /* tourmeappApp.swift */ = {isa = PBXFileReference; lastKnownFileType = sourcecode.swift; path = tourmeappApp.swift; sourceTree = "<group>"; };
		408D71222669127800F272A2 /* Assets.xcassets */ = {isa = PBXFileReference; lastKnownFileType = folder.assetcatalog; path = Assets.xcassets; sourceTree = "<group>"; };
		408D71272669127900F272A2 /* tourmeapp.app */ = {isa = PBXFileReference; explicitFileType = wrapper.application; includeInIndex = 0; path = tourmeapp.app; sourceTree = BUILT_PRODUCTS_DIR; };
		408D712A2669127900F272A2 /* Info.plist */ = {isa = PBXFileReference; lastKnownFileType = text.plist.xml; path = Info.plist; sourceTree = "<group>"; };
		408D71312669127900F272A2 /* Info.plist */ = {isa = PBXFileReference; lastKnownFileType = text.plist.xml; path = Info.plist; sourceTree = "<group>"; };
		408D71322669127900F272A2 /* macOS.entitlements */ = {isa = PBXFileReference; lastKnownFileType = text.plist.entitlements; path = macOS.entitlements; sourceTree = "<group>"; };
		408D71372669127900F272A2 /* Tests iOS.xctest */ = {isa = PBXFileReference; explicitFileType = wrapper.cfbundle; includeInIndex = 0; path = "Tests iOS.xctest"; sourceTree = BUILT_PRODUCTS_DIR; };
		408D713B2669127900F272A2 /* Tests_iOS.swift */ = {isa = PBXFileReference; lastKnownFileType = sourcecode.swift; path = Tests_iOS.swift; sourceTree = "<group>"; };
		408D713D2669127900F272A2 /* Info.plist */ = {isa = PBXFileReference; lastKnownFileType = text.plist.xml; path = Info.plist; sourceTree = "<group>"; };
		408D71422669127900F272A2 /* Tests macOS.xctest */ = {isa = PBXFileReference; explicitFileType = wrapper.cfbundle; includeInIndex = 0; path = "Tests macOS.xctest"; sourceTree = BUILT_PRODUCTS_DIR; };
		408D71462669127900F272A2 /* Tests_macOS.swift */ = {isa = PBXFileReference; lastKnownFileType = sourcecode.swift; path = Tests_macOS.swift; sourceTree = "<group>"; };
		408D71482669127900F272A2 /* Info.plist */ = {isa = PBXFileReference; lastKnownFileType = text.plist.xml; path = Info.plist; sourceTree = "<group>"; };
		408D716826691C4600F272A2 /* MenuModel.swift */ = {isa = PBXFileReference; lastKnownFileType = sourcecode.swift; path = MenuModel.swift; sourceTree = "<group>"; };
		408D717B266A661200F272A2 /* MainView.swift */ = {isa = PBXFileReference; lastKnownFileType = sourcecode.swift; path = MainView.swift; sourceTree = "<group>"; };
		409A531626F4DF7F00B535A3 /* UserPreferencesStore.swift */ = {isa = PBXFileReference; lastKnownFileType = sourcecode.swift; path = UserPreferencesStore.swift; sourceTree = "<group>"; };
		40AA169B26BD8163001E7E7F /* TourPlayerView.swift */ = {isa = PBXFileReference; lastKnownFileType = sourcecode.swift; path = TourPlayerView.swift; sourceTree = "<group>"; };
		40AA169E26BD83E7001E7E7F /* BusStopListItemView.swift */ = {isa = PBXFileReference; lastKnownFileType = sourcecode.swift; path = BusStopListItemView.swift; sourceTree = "<group>"; };
		40AA16A126BD8BAE001E7E7F /* CustomVideoPlayer.swift */ = {isa = PBXFileReference; lastKnownFileType = sourcecode.swift; path = CustomVideoPlayer.swift; sourceTree = "<group>"; };
		40AA16A426BDAE3F001E7E7F /* ToursMapView.swift */ = {isa = PBXFileReference; lastKnownFileType = sourcecode.swift; path = ToursMapView.swift; sourceTree = "<group>"; };
		40C2083B29D2237C003ABF3B /* Subtitle.swift */ = {isa = PBXFileReference; lastKnownFileType = sourcecode.swift; path = Subtitle.swift; sourceTree = "<group>"; };
		40CC52A02704E62700918F88 /* tourmeapp (iOS).entitlements */ = {isa = PBXFileReference; lastKnownFileType = text.plist.entitlements; path = "tourmeapp (iOS).entitlements"; sourceTree = "<group>"; };
		40D89F0026BDE227006D6D17 /* BCGAsyncImage.swift */ = {isa = PBXFileReference; lastKnownFileType = sourcecode.swift; path = BCGAsyncImage.swift; sourceTree = "<group>"; };
		40E7219B266A70E70039157F /* SplashView.swift */ = {isa = PBXFileReference; lastKnownFileType = sourcecode.swift; path = SplashView.swift; sourceTree = "<group>"; };
		40EBE87526C19D8800273625 /* PlayerViewModel.swift */ = {isa = PBXFileReference; lastKnownFileType = sourcecode.swift; path = PlayerViewModel.swift; sourceTree = "<group>"; };
		40EBE87826C1A5C300273625 /* View+Extensions.swift */ = {isa = PBXFileReference; lastKnownFileType = sourcecode.swift; path = "View+Extensions.swift"; sourceTree = "<group>"; };
		40FEEBD626BC6C6E0013C173 /* String+Extensions.swift */ = {isa = PBXFileReference; lastKnownFileType = sourcecode.swift; path = "String+Extensions.swift"; sourceTree = "<group>"; };
		517EE328D7FDBB709DEF3761 /* BusStop+Schema.swift */ = {isa = PBXFileReference; explicitFileType = sourcecode.swift; name = "BusStop+Schema.swift"; path = "amplify/generated/models/BusStop+Schema.swift"; sourceTree = "<group>"; };
		5C43244BB99712517422B292 /* GeoPoint+Schema.swift */ = {isa = PBXFileReference; explicitFileType = sourcecode.swift; name = "GeoPoint+Schema.swift"; path = "amplify/generated/models/GeoPoint+Schema.swift"; sourceTree = "<group>"; };
		6316FD519E881E621DEF1873 /* Pods-tourmeapp (iOS).debug.xcconfig */ = {isa = PBXFileReference; includeInIndex = 1; lastKnownFileType = text.xcconfig; name = "Pods-tourmeapp (iOS).debug.xcconfig"; path = "Target Support Files/Pods-tourmeapp (iOS)/Pods-tourmeapp (iOS).debug.xcconfig"; sourceTree = "<group>"; };
		7B1F08522B0CB5CE00D7E4CD /* InriaSans-Regular.ttf */ = {isa = PBXFileReference; lastKnownFileType = file; path = "InriaSans-Regular.ttf"; sourceTree = "<group>"; };
		7B1F08532B0CB5CF00D7E4CD /* InriaSans-Bold.ttf */ = {isa = PBXFileReference; lastKnownFileType = file; path = "InriaSans-Bold.ttf"; sourceTree = "<group>"; };
		7B1F08542B0CB5D000D7E4CD /* InriaSans-Light.ttf */ = {isa = PBXFileReference; lastKnownFileType = file; path = "InriaSans-Light.ttf"; sourceTree = "<group>"; };
		7B1F08552B0CB5D000D7E4CD /* InriaSans-BoldItalic.ttf */ = {isa = PBXFileReference; lastKnownFileType = file; path = "InriaSans-BoldItalic.ttf"; sourceTree = "<group>"; };
		7B1F08562B0CB5D100D7E4CD /* InriaSans-Italic.ttf */ = {isa = PBXFileReference; lastKnownFileType = file; path = "InriaSans-Italic.ttf"; sourceTree = "<group>"; };
		7B1F08572B0CB5D200D7E4CD /* InriaSans-LightItalic.ttf */ = {isa = PBXFileReference; lastKnownFileType = file; path = "InriaSans-LightItalic.ttf"; sourceTree = "<group>"; };
		7B1F085F2B0CB64C00D7E4CD /* FontsExtentions.swift */ = {isa = PBXFileReference; lastKnownFileType = sourcecode.swift; path = FontsExtentions.swift; sourceTree = "<group>"; };
		7B3E20F22B31552900A041F7 /* LoginView.swift */ = {isa = PBXFileReference; lastKnownFileType = sourcecode.swift; path = LoginView.swift; sourceTree = "<group>"; };
		7B3E20F42B31642C00A041F7 /* SignUpView.swift */ = {isa = PBXFileReference; lastKnownFileType = sourcecode.swift; path = SignUpView.swift; sourceTree = "<group>"; };
		7B3E20F62B317B0B00A041F7 /* ResetPasswordView.swift */ = {isa = PBXFileReference; lastKnownFileType = sourcecode.swift; path = ResetPasswordView.swift; sourceTree = "<group>"; };
		7B3E20F82B317E1400A041F7 /* PasswordOTPView.swift */ = {isa = PBXFileReference; lastKnownFileType = sourcecode.swift; path = PasswordOTPView.swift; sourceTree = "<group>"; };
		7B5947122B1879450038A7E4 /* PayPalViewModel.swift */ = {isa = PBXFileReference; lastKnownFileType = sourcecode.swift; path = PayPalViewModel.swift; sourceTree = "<group>"; };
		7B5947172B188BB50038A7E4 /* AppDelegateViewModel.swift */ = {isa = PBXFileReference; lastKnownFileType = sourcecode.swift; path = AppDelegateViewModel.swift; sourceTree = "<group>"; };
		7B5B0EA32B1487EA005E0B4E /* SupportUsView.swift */ = {isa = PBXFileReference; lastKnownFileType = sourcecode.swift; path = SupportUsView.swift; sourceTree = "<group>"; };
		7B69BF842B3EB6C000DEDEA6 /* SpecialEventsViewModel.swift */ = {isa = PBXFileReference; lastKnownFileType = sourcecode.swift; path = SpecialEventsViewModel.swift; sourceTree = "<group>"; };
		7B69BF862B3EBC8900DEDEA6 /* SpecialEventsDetailsView.swift */ = {isa = PBXFileReference; lastKnownFileType = sourcecode.swift; path = SpecialEventsDetailsView.swift; sourceTree = "<group>"; };
		7B69BF882B3ED22100DEDEA6 /* TourDetailsViewModel.swift */ = {isa = PBXFileReference; lastKnownFileType = sourcecode.swift; path = TourDetailsViewModel.swift; sourceTree = "<group>"; };
		7B8ACD722B3E84A000784EF3 /* SignUpViewModel.swift */ = {isa = PBXFileReference; lastKnownFileType = sourcecode.swift; path = SignUpViewModel.swift; sourceTree = "<group>"; };
		7B8ACD752B3EA46800784EF3 /* SpecialEventsView.swift */ = {isa = PBXFileReference; lastKnownFileType = sourcecode.swift; path = SpecialEventsView.swift; sourceTree = "<group>"; };
		7B9DBADF2B4D778E00622EF8 /* LogoutView.swift */ = {isa = PBXFileReference; lastKnownFileType = sourcecode.swift; path = LogoutView.swift; sourceTree = "<group>"; };
		7BA3DA252B10A5FE0025B5C1 /* OurVisionView.swift */ = {isa = PBXFileReference; lastKnownFileType = sourcecode.swift; path = OurVisionView.swift; sourceTree = "<group>"; };
		7BC5F2412B147725003AC84B /* MeetOutTeamView.swift */ = {isa = PBXFileReference; lastKnownFileType = sourcecode.swift; path = MeetOutTeamView.swift; sourceTree = "<group>"; };
		7BC5F2432B148247003AC84B /* MeetOurTeamDetailsView.swift */ = {isa = PBXFileReference; lastKnownFileType = sourcecode.swift; path = MeetOurTeamDetailsView.swift; sourceTree = "<group>"; };
		7BEA64E42B3ACF50006C18F8 /* LoginViewModel.swift */ = {isa = PBXFileReference; lastKnownFileType = sourcecode.swift; path = LoginViewModel.swift; sourceTree = "<group>"; };
		7BEA64E72B3AD5A4006C18F8 /* NetworkManager.swift */ = {isa = PBXFileReference; lastKnownFileType = sourcecode.swift; path = NetworkManager.swift; sourceTree = "<group>"; };
		7BEA64E92B3AD714006C18F8 /* API.swift */ = {isa = PBXFileReference; lastKnownFileType = sourcecode.swift; path = API.swift; sourceTree = "<group>"; };
		7BF4904D2B4BD37A0036FFE9 /* CommentsView.swift */ = {isa = PBXFileReference; lastKnownFileType = sourcecode.swift; path = CommentsView.swift; sourceTree = "<group>"; };
		7BF4904F2B4BDC3C0036FFE9 /* CommentsViewModel.swift */ = {isa = PBXFileReference; lastKnownFileType = sourcecode.swift; path = CommentsViewModel.swift; sourceTree = "<group>"; };
		83496AE6BBBE41E7A2A41A8A /* Pods-tourmeapp (iOS).release.xcconfig */ = {isa = PBXFileReference; includeInIndex = 1; lastKnownFileType = text.xcconfig; name = "Pods-tourmeapp (iOS).release.xcconfig"; path = "Target Support Files/Pods-tourmeapp (iOS)/Pods-tourmeapp (iOS).release.xcconfig"; sourceTree = "<group>"; };
		9A2B6B12457FD2510CC8F309 /* Language.swift */ = {isa = PBXFileReference; explicitFileType = sourcecode.swift; name = Language.swift; path = amplify/generated/models/Language.swift; sourceTree = "<group>"; };
		B0C66442A77E589C7851B06B /* Tour.swift */ = {isa = PBXFileReference; explicitFileType = sourcecode.swift; name = Tour.swift; path = amplify/generated/models/Tour.swift; sourceTree = "<group>"; };
		B7536E0D381749669ABB1D40 /* Tour+Schema.swift */ = {isa = PBXFileReference; explicitFileType = sourcecode.swift; name = "Tour+Schema.swift"; path = "amplify/generated/models/Tour+Schema.swift"; sourceTree = "<group>"; };
		D3ECA69B2CB7B8B900C0FE01 /* DeleteAccView.swift */ = {isa = PBXFileReference; lastKnownFileType = sourcecode.swift; path = DeleteAccView.swift; sourceTree = "<group>"; };
		D3ECA69D2CB7C09D00C0FE01 /* DeleteAccViewModel.swift */ = {isa = PBXFileReference; lastKnownFileType = sourcecode.swift; path = DeleteAccViewModel.swift; sourceTree = "<group>"; };
		D7B687507713AC565751D483 /* AmplifyModels.swift */ = {isa = PBXFileReference; explicitFileType = sourcecode.swift; name = AmplifyModels.swift; path = amplify/generated/models/AmplifyModels.swift; sourceTree = "<group>"; };
		DE6CBEA47F0D3E5A00C72338 /* GeoPoint.swift */ = {isa = PBXFileReference; explicitFileType = sourcecode.swift; name = GeoPoint.swift; path = amplify/generated/models/GeoPoint.swift; sourceTree = "<group>"; };
		EE555BFD882B8B5094419296 /* BusStop.swift */ = {isa = PBXFileReference; explicitFileType = sourcecode.swift; name = BusStop.swift; path = amplify/generated/models/BusStop.swift; sourceTree = "<group>"; };
/* End PBXFileReference section */

/* Begin PBXFrameworksBuildPhase section */
		408D71242669127900F272A2 /* Frameworks */ = {
			isa = PBXFrameworksBuildPhase;
			buildActionMask = 2147483647;
			files = (
				407445DC2731A002006A5B55 /* StoreKit.framework in Frameworks */,
				7B1F08652B0D02B000D7E4CD /* FirebaseCrashlytics in Frameworks */,
				7BA682222B765BDB0062FE8D /* YouTubePlayerKit in Frameworks */,
				7BA3DA212B0F530D0025B5C1 /* FloatingLabelTextFieldSwiftUI in Frameworks */,
				7B1F08692B0D02B000D7E4CD /* FirebasePerformance in Frameworks */,
				7BA3DA242B0F6F810025B5C1 /* Kingfisher in Frameworks */,
				7B1F08672B0D02B000D7E4CD /* FirebaseMessaging in Frameworks */,
				7BEA64E22B3ACF2F006C18F8 /* ToastSwiftUI in Frameworks */,
				7B1F08632B0D02B000D7E4CD /* FirebaseAnalytics in Frameworks */,
				1D1A09E87A7B9D79EB5C352F /* Pods_tourmeapp__iOS_.framework in Frameworks */,
			);
			runOnlyForDeploymentPostprocessing = 0;
		};
		408D71342669127900F272A2 /* Frameworks */ = {
			isa = PBXFrameworksBuildPhase;
			buildActionMask = 2147483647;
			files = (
			);
			runOnlyForDeploymentPostprocessing = 0;
		};
		408D713F2669127900F272A2 /* Frameworks */ = {
			isa = PBXFrameworksBuildPhase;
			buildActionMask = 2147483647;
			files = (
			);
			runOnlyForDeploymentPostprocessing = 0;
		};
/* End PBXFrameworksBuildPhase section */

/* Begin PBXGroup section */
		2552F6FDE6EB87F5B527135C /* Frameworks */ = {
			isa = PBXGroup;
			children = (
				407445DB2731A002006A5B55 /* StoreKit.framework */,
				0DAB2F87ABF4EDFCC6C078D1 /* Pods_tourmeapp__iOS_.framework */,
			);
			name = Frameworks;
			sourceTree = "<group>";
		};
		405518BB286635BC00F136FA /* Lottie */ = {
			isa = PBXGroup;
			children = (
				405518C528663CDF00F136FA /* profile3.json */,
				405518C22866385900F136FA /* profile2.json */,
				405518BC286635EC00F136FA /* profile.json */,
			);
			path = Lottie;
			sourceTree = "<group>";
		};
		40711A3626A5DA4B008F86FC /* Auth */ = {
			isa = PBXGroup;
			children = (
				7B8ACD712B3E847E00784EF3 /* SignUp */,
				7BEA64E32B3ACF3C006C18F8 /* Login */,
				40711A3C26A5DD4F008F86FC /* SessionManager.swift */,
				40711A4026A5F975008F86FC /* ConfirmCodeView.swift */,
				4032EBF52723EBEA0046D681 /* ConfirmResetPassword.swift */,
				7BC5F2412B147725003AC84B /* MeetOutTeamView.swift */,
				7BC5F2432B148247003AC84B /* MeetOurTeamDetailsView.swift */,
				7B5B0EA32B1487EA005E0B4E /* SupportUsView.swift */,
				7B5947122B1879450038A7E4 /* PayPalViewModel.swift */,
				7B3E20F62B317B0B00A041F7 /* ResetPasswordView.swift */,
				7B3E20F82B317E1400A041F7 /* PasswordOTPView.swift */,
			);
			path = Auth;
			sourceTree = "<group>";
		};
		40711A3926A5DC7A008F86FC /* Utils */ = {
			isa = PBXGroup;
			children = (
				40711A3A26A5DC8D008F86FC /* PrettyModifierExtensions.swift */,
				40FEEBD626BC6C6E0013C173 /* String+Extensions.swift */,
				4060492126FABB1F009D86CF /* EmailHelper.swift */,
				4047057A2723B20D0042DED3 /* PagerView.swift */,
				406E004B27920B600067DD01 /* LocalizationService.swift */,
				405F87712795271D00A905CA /* UIDevice+Extensions.swift */,
			);
			path = Utils;
			sourceTree = "<group>";
		};
		408D711A2669127500F272A2 = {
			isa = PBXGroup;
			children = (
				7BEA64E62B3AD591006C18F8 /* NetworkManager */,
				7B1F085E2B0CB63900D7E4CD /* Extensions */,
				7B1F08512B0CB5BD00D7E4CD /* Fonts */,
				406E0046279208670067DD01 /* Localizable.strings */,
				40CC52A02704E62700918F88 /* tourmeapp (iOS).entitlements */,
				408D711F2669127500F272A2 /* Shared */,
				408D71292669127900F272A2 /* iOS */,
				408D71302669127900F272A2 /* macOS */,
				408D713A2669127900F272A2 /* Tests iOS */,
				408D71452669127900F272A2 /* Tests macOS */,
				408D71282669127900F272A2 /* Products */,
				DE3950F6E81A9A2205376111 /* AmplifyModels */,
				A487CA324F07C83D3468FD84 /* Pods */,
				2552F6FDE6EB87F5B527135C /* Frameworks */,
			);
			sourceTree = "<group>";
		};
		408D711F2669127500F272A2 /* Shared */ = {
			isa = PBXGroup;
			children = (
				40C2083A29D22372003ABF3B /* Model */,
				405518BB286635BC00F136FA /* Lottie */,
				408D715D2669160900F272A2 /* ViewModel */,
				408D715E2669161000F272A2 /* View */,
				408D71202669127500F272A2 /* tourmeappApp.swift */,
				408D71222669127800F272A2 /* Assets.xcassets */,
				408613F626B9E22D0036C279 /* GoogleService-Info.plist */,
			);
			path = Shared;
			sourceTree = "<group>";
		};
		408D71282669127900F272A2 /* Products */ = {
			isa = PBXGroup;
			children = (
				408D71272669127900F272A2 /* tourmeapp.app */,
				408D71372669127900F272A2 /* Tests iOS.xctest */,
				408D71422669127900F272A2 /* Tests macOS.xctest */,
			);
			name = Products;
			sourceTree = "<group>";
		};
		408D71292669127900F272A2 /* iOS */ = {
			isa = PBXGroup;
			children = (
				408D712A2669127900F272A2 /* Info.plist */,
			);
			path = iOS;
			sourceTree = "<group>";
		};
		408D71302669127900F272A2 /* macOS */ = {
			isa = PBXGroup;
			children = (
				408D71312669127900F272A2 /* Info.plist */,
				408D71322669127900F272A2 /* macOS.entitlements */,
			);
			path = macOS;
			sourceTree = "<group>";
		};
		408D713A2669127900F272A2 /* Tests iOS */ = {
			isa = PBXGroup;
			children = (
				408D713B2669127900F272A2 /* Tests_iOS.swift */,
				408D713D2669127900F272A2 /* Info.plist */,
			);
			path = "Tests iOS";
			sourceTree = "<group>";
		};
		408D71452669127900F272A2 /* Tests macOS */ = {
			isa = PBXGroup;
			children = (
				408D71462669127900F272A2 /* Tests_macOS.swift */,
				408D71482669127900F272A2 /* Info.plist */,
			);
			path = "Tests macOS";
			sourceTree = "<group>";
		};
		408D715D2669160900F272A2 /* ViewModel */ = {
			isa = PBXGroup;
			children = (
				D3ECA69D2CB7C09D00C0FE01 /* DeleteAccViewModel.swift */,
				408D716826691C4600F272A2 /* MenuModel.swift */,
				405858E7266A98A400832541 /* TourViewModel.swift */,
				40EBE87526C19D8800273625 /* PlayerViewModel.swift */,
				409A531626F4DF7F00B535A3 /* UserPreferencesStore.swift */,
				404705802723C5360042DED3 /* HomeContentViewModel.swift */,
				406E003E2790C7A70067DD01 /* S3ViewModel.swift */,
			);
			path = ViewModel;
			sourceTree = "<group>";
		};
		408D715E2669161000F272A2 /* View */ = {
			isa = PBXGroup;
			children = (
				7B8ACD742B3EA45600784EF3 /* SpecialEvents */,
				40AA16A726BDAE9C001E7E7F /* Wrappers */,
				40711A3926A5DC7A008F86FC /* Utils */,
				40711A3626A5DA4B008F86FC /* Auth */,
				408D717B266A661200F272A2 /* MainView.swift */,
				40E7219B266A70E70039157F /* SplashView.swift */,
				405E903D26C587190004E083 /* SettingsView.swift */,
				40AA16A826BDAEC4001E7E7F /* Tours */,
				400D943126BF95CB0094BE56 /* NoInternetView.swift */,
				4047057C2723B5560042DED3 /* HomeContentPager.swift */,
				4047057E2723B8840042DED3 /* HomeContentItemView.swift */,
				4066382B27937319001FFDC4 /* OnboardingView.swift */,
				404D75B728C63D7700C06D80 /* LandingView.swift */,
				400754E728F8F5E9000C366B /* BioView.swift */,
				7BA3DA252B10A5FE0025B5C1 /* OurVisionView.swift */,
				7B5947172B188BB50038A7E4 /* AppDelegateViewModel.swift */,
			);
			path = View;
			sourceTree = "<group>";
		};
		40AA16A726BDAE9C001E7E7F /* Wrappers */ = {
			isa = PBXGroup;
			children = (
				40AA16A126BD8BAE001E7E7F /* CustomVideoPlayer.swift */,
				40D89F0026BDE227006D6D17 /* BCGAsyncImage.swift */,
				40EBE87826C1A5C300273625 /* View+Extensions.swift */,
				406E003B278F494E0067DD01 /* AVMoviePlayer.swift */,
				405518BF2866364E00F136FA /* LottieView.swift */,
				400ABF93287CDD5E000CCC79 /* KeyboardResponder.swift */,
			);
			path = Wrappers;
			sourceTree = "<group>";
		};
		40AA16A826BDAEC4001E7E7F /* Tours */ = {
			isa = PBXGroup;
			children = (
				D3ECA69B2CB7B8B900C0FE01 /* DeleteAccView.swift */,
				405F876F2794B9E000A905CA /* ToursGridView.swift */,
				405858DB266A985400832541 /* ToursListView.swift */,
				40AA16A426BDAE3F001E7E7F /* ToursMapView.swift */,
				405858E1266A986D00832541 /* TourDetailView.swift */,
				405858E4266A987900832541 /* TourListItemView.swift */,
				40AA169B26BD8163001E7E7F /* TourPlayerView.swift */,
				40AA169E26BD83E7001E7E7F /* BusStopListItemView.swift */,
				40029BA126D9778800129632 /* DefaultDetailView.swift */,
				40029BA426D977D500129632 /* MapPinImage.swift */,
				4041DFAC270B5DB5002EC240 /* LiveStreamView.swift */,
				7B69BF882B3ED22100DEDEA6 /* TourDetailsViewModel.swift */,
				7BF4904D2B4BD37A0036FFE9 /* CommentsView.swift */,
				7BF4904F2B4BDC3C0036FFE9 /* CommentsViewModel.swift */,
				7B9DBADF2B4D778E00622EF8 /* LogoutView.swift */,
			);
			path = Tours;
			sourceTree = "<group>";
		};
		40C2083A29D22372003ABF3B /* Model */ = {
			isa = PBXGroup;
			children = (
				40C2083B29D2237C003ABF3B /* Subtitle.swift */,
			);
			path = Model;
			sourceTree = "<group>";
		};
		7B1F08512B0CB5BD00D7E4CD /* Fonts */ = {
			isa = PBXGroup;
			children = (
				7B1F08532B0CB5CF00D7E4CD /* InriaSans-Bold.ttf */,
				7B1F08552B0CB5D000D7E4CD /* InriaSans-BoldItalic.ttf */,
				7B1F08562B0CB5D100D7E4CD /* InriaSans-Italic.ttf */,
				7B1F08542B0CB5D000D7E4CD /* InriaSans-Light.ttf */,
				7B1F08572B0CB5D200D7E4CD /* InriaSans-LightItalic.ttf */,
				7B1F08522B0CB5CE00D7E4CD /* InriaSans-Regular.ttf */,
			);
			path = Fonts;
			sourceTree = "<group>";
		};
		7B1F085E2B0CB63900D7E4CD /* Extensions */ = {
			isa = PBXGroup;
			children = (
				7B1F085F2B0CB64C00D7E4CD /* FontsExtentions.swift */,
			);
			path = Extensions;
			sourceTree = "<group>";
		};
		7B8ACD712B3E847E00784EF3 /* SignUp */ = {
			isa = PBXGroup;
			children = (
				7B3E20F42B31642C00A041F7 /* SignUpView.swift */,
				7B8ACD722B3E84A000784EF3 /* SignUpViewModel.swift */,
			);
			path = SignUp;
			sourceTree = "<group>";
		};
		7B8ACD742B3EA45600784EF3 /* SpecialEvents */ = {
			isa = PBXGroup;
			children = (
				7B8ACD752B3EA46800784EF3 /* SpecialEventsView.swift */,
				7B69BF842B3EB6C000DEDEA6 /* SpecialEventsViewModel.swift */,
				7B69BF862B3EBC8900DEDEA6 /* SpecialEventsDetailsView.swift */,
			);
			path = SpecialEvents;
			sourceTree = "<group>";
		};
		7BEA64E32B3ACF3C006C18F8 /* Login */ = {
			isa = PBXGroup;
			children = (
				7B3E20F22B31552900A041F7 /* LoginView.swift */,
				7BEA64E42B3ACF50006C18F8 /* LoginViewModel.swift */,
			);
			path = Login;
			sourceTree = "<group>";
		};
		7BEA64E62B3AD591006C18F8 /* NetworkManager */ = {
			isa = PBXGroup;
			children = (
				7BEA64E72B3AD5A4006C18F8 /* NetworkManager.swift */,
				7BEA64E92B3AD714006C18F8 /* API.swift */,
			);
			path = NetworkManager;
			sourceTree = "<group>";
		};
		A487CA324F07C83D3468FD84 /* Pods */ = {
			isa = PBXGroup;
			children = (
				6316FD519E881E621DEF1873 /* Pods-tourmeapp (iOS).debug.xcconfig */,
				83496AE6BBBE41E7A2A41A8A /* Pods-tourmeapp (iOS).release.xcconfig */,
			);
			path = Pods;
			sourceTree = "<group>";
		};
		DE3950F6E81A9A2205376111 /* AmplifyModels */ = {
			isa = PBXGroup;
			children = (
				408A59D82866595A00467BB0 /* UserProfile.swift */,
				408A59D92866595A00467BB0 /* UserProfile+Schema.swift */,
				4044055E272E3B5F00E04090 /* Purchase.swift */,
				4044055D272E3B5F00E04090 /* Purchase+Schema.swift */,
				404705702723AB7C0042DED3 /* HomeContent.swift */,
				4047056F2723AB7C0042DED3 /* HomeContent+Schema.swift */,
				4047056E2723AB7C0042DED3 /* LiveStream.swift */,
				404705712723AB7C0042DED3 /* LiveStream+Schema.swift */,
				D7B687507713AC565751D483 /* AmplifyModels.swift */,
				5C43244BB99712517422B292 /* GeoPoint+Schema.swift */,
				DE6CBEA47F0D3E5A00C72338 /* GeoPoint.swift */,
				9A2B6B12457FD2510CC8F309 /* Language.swift */,
				B7536E0D381749669ABB1D40 /* Tour+Schema.swift */,
				B0C66442A77E589C7851B06B /* Tour.swift */,
				517EE328D7FDBB709DEF3761 /* BusStop+Schema.swift */,
				EE555BFD882B8B5094419296 /* BusStop.swift */,
			);
			name = AmplifyModels;
			sourceTree = "<group>";
		};
/* End PBXGroup section */

/* Begin PBXNativeTarget section */
		408D71262669127900F272A2 /* tourmeapp (iOS) */ = {
			isa = PBXNativeTarget;
			buildConfigurationList = 408D71512669127900F272A2 /* Build configuration list for PBXNativeTarget "tourmeapp (iOS)" */;
			buildPhases = (
				07D23962B04D527398E75DD3 /* [CP] Check Pods Manifest.lock */,
				408D71232669127900F272A2 /* Sources */,
				408D71242669127900F272A2 /* Frameworks */,
				408D71252669127900F272A2 /* Resources */,
				408613F826B9E3890036C279 /* ShellScript */,
				AC57DA681B415A3C5083332B /* [CP] Embed Pods Frameworks */,
			);
			buildRules = (
			);
			dependencies = (
			);
			name = "tourmeapp (iOS)";
			packageProductDependencies = (
				7B1F08622B0D02B000D7E4CD /* FirebaseAnalytics */,
				7B1F08642B0D02B000D7E4CD /* FirebaseCrashlytics */,
				7B1F08662B0D02B000D7E4CD /* FirebaseMessaging */,
				7B1F08682B0D02B000D7E4CD /* FirebasePerformance */,
				7BA3DA202B0F530D0025B5C1 /* FloatingLabelTextFieldSwiftUI */,
				7BA3DA232B0F6F810025B5C1 /* Kingfisher */,
				7BEA64E12B3ACF2F006C18F8 /* ToastSwiftUI */,
				7BA682212B765BDB0062FE8D /* YouTubePlayerKit */,
			);
			productName = "tourmeapp (iOS)";
			productReference = 408D71272669127900F272A2 /* tourmeapp.app */;
			productType = "com.apple.product-type.application";
		};
		408D71362669127900F272A2 /* Tests iOS */ = {
			isa = PBXNativeTarget;
			buildConfigurationList = 408D71572669127900F272A2 /* Build configuration list for PBXNativeTarget "Tests iOS" */;
			buildPhases = (
				408D71332669127900F272A2 /* Sources */,
				408D71342669127900F272A2 /* Frameworks */,
				408D71352669127900F272A2 /* Resources */,
			);
			buildRules = (
			);
			dependencies = (
				408D71392669127900F272A2 /* PBXTargetDependency */,
			);
			name = "Tests iOS";
			productName = "Tests iOS";
			productReference = 408D71372669127900F272A2 /* Tests iOS.xctest */;
			productType = "com.apple.product-type.bundle.ui-testing";
		};
		408D71412669127900F272A2 /* Tests macOS */ = {
			isa = PBXNativeTarget;
			buildConfigurationList = 408D715A2669127900F272A2 /* Build configuration list for PBXNativeTarget "Tests macOS" */;
			buildPhases = (
				408D713E2669127900F272A2 /* Sources */,
				408D713F2669127900F272A2 /* Frameworks */,
				408D71402669127900F272A2 /* Resources */,
			);
			buildRules = (
			);
			dependencies = (
			);
			name = "Tests macOS";
			productName = "Tests macOS";
			productReference = 408D71422669127900F272A2 /* Tests macOS.xctest */;
			productType = "com.apple.product-type.bundle.ui-testing";
		};
/* End PBXNativeTarget section */

/* Begin PBXProject section */
		408D711B2669127500F272A2 /* Project object */ = {
			isa = PBXProject;
			attributes = {
				BuildIndependentTargetsInParallel = YES;
				LastSwiftUpdateCheck = 1250;
				LastUpgradeCheck = 1500;
				TargetAttributes = {
					408D71262669127900F272A2 = {
						CreatedOnToolsVersion = 12.5;
					};
					408D71362669127900F272A2 = {
						CreatedOnToolsVersion = 12.5;
						TestTargetID = 408D71262669127900F272A2;
					};
					408D71412669127900F272A2 = {
						CreatedOnToolsVersion = 12.5;
						TestTargetID = 408D712E2669127900F272A2;
					};
				};
			};
			buildConfigurationList = 408D711E2669127500F272A2 /* Build configuration list for PBXProject "tourmeapp" */;
			compatibilityVersion = "Xcode 9.3";
			developmentRegion = en;
			hasScannedForEncodings = 0;
			knownRegions = (
				en,
				Base,
				es,
				pt,
			);
			mainGroup = 408D711A2669127500F272A2;
			packageReferences = (
				7B1F08612B0D02B000D7E4CD /* XCRemoteSwiftPackageReference "firebase-ios-sdk" */,
				7BA3DA1F2B0F530D0025B5C1 /* XCRemoteSwiftPackageReference "FloatingLabelTextFieldSwiftUI" */,
				7BA3DA222B0F6F810025B5C1 /* XCRemoteSwiftPackageReference "Kingfisher" */,
				7BEA64E02B3ACF2F006C18F8 /* XCRemoteSwiftPackageReference "ToastSwiftUI" */,
				7BA682202B765BDB0062FE8D /* XCRemoteSwiftPackageReference "YouTubePlayerKit" */,
			);
			productRefGroup = 408D71282669127900F272A2 /* Products */;
			projectDirPath = "";
			projectRoot = "";
			targets = (
				408D71262669127900F272A2 /* tourmeapp (iOS) */,
				408D71362669127900F272A2 /* Tests iOS */,
				408D71412669127900F272A2 /* Tests macOS */,
			);
		};
/* End PBXProject section */

/* Begin PBXResourcesBuildPhase section */
		408D71252669127900F272A2 /* Resources */ = {
			isa = PBXResourcesBuildPhase;
			buildActionMask = 2147483647;
			files = (
				7B1F085D2B0CB5D200D7E4CD /* InriaSans-LightItalic.ttf in Resources */,
				7B1F08582B0CB5D200D7E4CD /* InriaSans-Regular.ttf in Resources */,
				408D714D2669127900F272A2 /* Assets.xcassets in Resources */,
				406E0044279208670067DD01 /* Localizable.strings in Resources */,
				405518C628663CDF00F136FA /* profile3.json in Resources */,
				7B1F08592B0CB5D200D7E4CD /* InriaSans-Bold.ttf in Resources */,
				7B1F085C2B0CB5D200D7E4CD /* InriaSans-Italic.ttf in Resources */,
				408613F726B9E22D0036C279 /* GoogleService-Info.plist in Resources */,
				7B1F085A2B0CB5D200D7E4CD /* InriaSans-Light.ttf in Resources */,
				405518C32866385900F136FA /* profile2.json in Resources */,
				7B1F085B2B0CB5D200D7E4CD /* InriaSans-BoldItalic.ttf in Resources */,
				405518BD286635EC00F136FA /* profile.json in Resources */,
			);
			runOnlyForDeploymentPostprocessing = 0;
		};
		408D71352669127900F272A2 /* Resources */ = {
			isa = PBXResourcesBuildPhase;
			buildActionMask = 2147483647;
			files = (
			);
			runOnlyForDeploymentPostprocessing = 0;
		};
		408D71402669127900F272A2 /* Resources */ = {
			isa = PBXResourcesBuildPhase;
			buildActionMask = 2147483647;
			files = (
			);
			runOnlyForDeploymentPostprocessing = 0;
		};
/* End PBXResourcesBuildPhase section */

/* Begin PBXShellScriptBuildPhase section */
		07D23962B04D527398E75DD3 /* [CP] Check Pods Manifest.lock */ = {
			isa = PBXShellScriptBuildPhase;
			buildActionMask = 2147483647;
			files = (
			);
			inputFileListPaths = (
			);
			inputPaths = (
				"${PODS_PODFILE_DIR_PATH}/Podfile.lock",
				"${PODS_ROOT}/Manifest.lock",
			);
			name = "[CP] Check Pods Manifest.lock";
			outputFileListPaths = (
			);
			outputPaths = (
				"$(DERIVED_FILE_DIR)/Pods-tourmeapp (iOS)-checkManifestLockResult.txt",
			);
			runOnlyForDeploymentPostprocessing = 0;
			shellPath = /bin/sh;
			shellScript = "diff \"${PODS_PODFILE_DIR_PATH}/Podfile.lock\" \"${PODS_ROOT}/Manifest.lock\" > /dev/null\nif [ $? != 0 ] ; then\n    # print error to STDERR\n    echo \"error: The sandbox is not in sync with the Podfile.lock. Run 'pod install' or update your CocoaPods installation.\" >&2\n    exit 1\nfi\n# This output is used by Xcode 'outputs' to avoid re-running this script phase.\necho \"SUCCESS\" > \"${SCRIPT_OUTPUT_FILE_0}\"\n";
			showEnvVarsInLog = 0;
		};
		408613F826B9E3890036C279 /* ShellScript */ = {
			isa = PBXShellScriptBuildPhase;
			buildActionMask = 2147483647;
			files = (
			);
			inputFileListPaths = (
			);
			inputPaths = (
			);
			outputFileListPaths = (
			);
			outputPaths = (
			);
			runOnlyForDeploymentPostprocessing = 0;
			shellPath = /bin/sh;
			shellScript = "

";
		};
		AC57DA681B415A3C5083332B /* [CP] Embed Pods Frameworks */ = {
			isa = PBXShellScriptBuildPhase;
			buildActionMask = 2147483647;
			files = (
			);
			inputFileListPaths = (
				"${PODS_ROOT}/Target Support Files/Pods-tourmeapp (iOS)/Pods-tourmeapp (iOS)-frameworks-${CONFIGURATION}-input-files.xcfilelist",
			);
			name = "[CP] Embed Pods Frameworks";
			outputFileListPaths = (
				"${PODS_ROOT}/Target Support Files/Pods-tourmeapp (iOS)/Pods-tourmeapp (iOS)-frameworks-${CONFIGURATION}-output-files.xcfilelist",
			);
			runOnlyForDeploymentPostprocessing = 0;
			shellPath = /bin/sh;
			shellScript = "\"${PODS_ROOT}/Target Support Files/Pods-tourmeapp (iOS)/Pods-tourmeapp (iOS)-frameworks.sh\"\n";
			showEnvVarsInLog = 0;
		};
/* End PBXShellScriptBuildPhase section */

/* Begin PBXSourcesBuildPhase section */
		408D71232669127900F272A2 /* Sources */ = {
			isa = PBXSourcesBuildPhase;
			buildActionMask = 2147483647;
			files = (
				40AA169C26BD8163001E7E7F /* TourPlayerView.swift in Sources */,
				404705812723C5360042DED3 /* HomeContentViewModel.swift in Sources */,
				405518C02866364E00F136FA /* LottieView.swift in Sources */,
				7B5947132B1879450038A7E4 /* PayPalViewModel.swift in Sources */,
				40EBE87926C1A5C300273625 /* View+Extensions.swift in Sources */,
				40029BA226D9778800129632 /* DefaultDetailView.swift in Sources */,
				40711A3D26A5DD4F008F86FC /* SessionManager.swift in Sources */,
				404D75B828C63D7700C06D80 /* LandingView.swift in Sources */,
				4060492226FABB20009D86CF /* EmailHelper.swift in Sources */,
				7B5B0EA42B1487EA005E0B4E /* SupportUsView.swift in Sources */,
				7B3E20F32B31552900A041F7 /* LoginView.swift in Sources */,
				7BC5F2442B148247003AC84B /* MeetOurTeamDetailsView.swift in Sources */,
				7B3E20F52B31642C00A041F7 /* SignUpView.swift in Sources */,
				405858DC266A985400832541 /* ToursListView.swift in Sources */,
				4066382C27937319001FFDC4 /* OnboardingView.swift in Sources */,
				409A531726F4DF7F00B535A3 /* UserPreferencesStore.swift in Sources */,
				408D717C266A661200F272A2 /* MainView.swift in Sources */,
				408A59DC2866595A00467BB0 /* UserProfile+Schema.swift in Sources */,
				7B3E20F92B317E1400A041F7 /* PasswordOTPView.swift in Sources */,
				406E003C278F494E0067DD01 /* AVMoviePlayer.swift in Sources */,
				408D716926691C4600F272A2 /* MenuModel.swift in Sources */,
				40711A3B26A5DC8D008F86FC /* PrettyModifierExtensions.swift in Sources */,
				4044055F272E3B5F00E04090 /* Purchase+Schema.swift in Sources */,
				7B8ACD732B3E84A000784EF3 /* SignUpViewModel.swift in Sources */,
				40711A4126A5F975008F86FC /* ConfirmCodeView.swift in Sources */,
				405858E5266A987900832541 /* TourListItemView.swift in Sources */,
				7BC5F2422B147725003AC84B /* MeetOutTeamView.swift in Sources */,
				7B5947182B188BB50038A7E4 /* AppDelegateViewModel.swift in Sources */,
				408D71492669127900F272A2 /* tourmeappApp.swift in Sources */,
				405858E8266A98A400832541 /* TourViewModel.swift in Sources */,
				40AA16A526BDAE3F001E7E7F /* ToursMapView.swift in Sources */,
				7B1F08602B0CB64C00D7E4CD /* FontsExtentions.swift in Sources */,
				7B9DBAE02B4D778E00622EF8 /* LogoutView.swift in Sources */,
				7B69BF872B3EBC8900DEDEA6 /* SpecialEventsDetailsView.swift in Sources */,
				40E7219C266A70E70039157F /* SplashView.swift in Sources */,
				4047057D2723B5560042DED3 /* HomeContentPager.swift in Sources */,
				405F87702794B9E000A905CA /* ToursGridView.swift in Sources */,
				D3ECA69E2CB7C0A700C0FE01 /* DeleteAccViewModel.swift in Sources */,
				40029BA526D977D500129632 /* MapPinImage.swift in Sources */,
				404705752723AB7C0042DED3 /* HomeContent+Schema.swift in Sources */,
				405858E2266A986D00832541 /* TourDetailView.swift in Sources */,
				40AA16A226BD8BAE001E7E7F /* CustomVideoPlayer.swift in Sources */,
				4032EBF62723EBEA0046D681 /* ConfirmResetPassword.swift in Sources */,
				4047057B2723B20D0042DED3 /* PagerView.swift in Sources */,
				7B8ACD762B3EA46800784EF3 /* SpecialEventsView.swift in Sources */,
				400D943226BF95CB0094BE56 /* NoInternetView.swift in Sources */,
				7BF490502B4BDC3C0036FFE9 /* CommentsViewModel.swift in Sources */,
				404705762723AB7C0042DED3 /* HomeContent.swift in Sources */,
				7B69BF852B3EB6C000DEDEA6 /* SpecialEventsViewModel.swift in Sources */,
				40EBE87626C19D8800273625 /* PlayerViewModel.swift in Sources */,
				7ABCDF8A5A058946F6F9658C /* AmplifyModels.swift in Sources */,
				433A4756F3F7080C9819967D /* GeoPoint+Schema.swift in Sources */,
				67AE8356CE905BEF64F63D8F /* GeoPoint.swift in Sources */,
				06C366629D7830FD990F86EA /* Language.swift in Sources */,
				40D89F0126BDE227006D6D17 /* BCGAsyncImage.swift in Sources */,
				7BEA64E52B3ACF50006C18F8 /* LoginViewModel.swift in Sources */,
				40C2083C29D2237C003ABF3B /* Subtitle.swift in Sources */,
				BC5A4CFA54EB3761586F17EB /* Tour+Schema.swift in Sources */,
				8DA58F0FC51A8D758F653BE2 /* Tour.swift in Sources */,
				405F87722795271D00A905CA /* UIDevice+Extensions.swift in Sources */,
				40AA169F26BD83E7001E7E7F /* BusStopListItemView.swift in Sources */,
				D3ECA69C2CB7B8C700C0FE01 /* DeleteAccView.swift in Sources */,
				404705742723AB7C0042DED3 /* LiveStream.swift in Sources */,
				4041DFAD270B5DB5002EC240 /* LiveStreamView.swift in Sources */,
				7B69BF892B3ED22100DEDEA6 /* TourDetailsViewModel.swift in Sources */,
				7BEA64E82B3AD5A4006C18F8 /* NetworkManager.swift in Sources */,
				7BF4904E2B4BD37A0036FFE9 /* CommentsView.swift in Sources */,
				404705772723AB7C0042DED3 /* LiveStream+Schema.swift in Sources */,
				7BA3DA262B10A5FE0025B5C1 /* OurVisionView.swift in Sources */,
				4047057F2723B8840042DED3 /* HomeContentItemView.swift in Sources */,
				40FEEBD726BC6C6E0013C173 /* String+Extensions.swift in Sources */,
				40440560272E3B5F00E04090 /* Purchase.swift in Sources */,
				400754E828F8F5E9000C366B /* BioView.swift in Sources */,
				405E903E26C587190004E083 /* SettingsView.swift in Sources */,
				408A59DA2866595A00467BB0 /* UserProfile.swift in Sources */,
				406E004C27920B600067DD01 /* LocalizationService.swift in Sources */,
				F37A2BF25F241C2B1C35F196 /* BusStop+Schema.swift in Sources */,
				146D898F9F817C9E50F81DBD /* BusStop.swift in Sources */,
				400ABF94287CDD5E000CCC79 /* KeyboardResponder.swift in Sources */,
				406E003F2790C7A70067DD01 /* S3ViewModel.swift in Sources */,
				7BEA64EA2B3AD714006C18F8 /* API.swift in Sources */,
				7B3E20F72B317B0B00A041F7 /* ResetPasswordView.swift in Sources */,
			);
			runOnlyForDeploymentPostprocessing = 0;
		};
		408D71332669127900F272A2 /* Sources */ = {
			isa = PBXSourcesBuildPhase;
			buildActionMask = 2147483647;
			files = (
				408D713C2669127900F272A2 /* Tests_iOS.swift in Sources */,
			);
			runOnlyForDeploymentPostprocessing = 0;
		};
		408D713E2669127900F272A2 /* Sources */ = {
			isa = PBXSourcesBuildPhase;
			buildActionMask = 2147483647;
			files = (
				408D71472669127900F272A2 /* Tests_macOS.swift in Sources */,
				8C8BF32C4C783BAAA9F7B97A /* AmplifyModels.swift in Sources */,
				797DAB3343BD40A314580756 /* GeoPoint+Schema.swift in Sources */,
				BE916C534570E8C89355FC3D /* GeoPoint.swift in Sources */,
				7DA8245C00B7C9697CE2D696 /* Language.swift in Sources */,
				AB9AFDFAFCEE977A6E082EDA /* Tour+Schema.swift in Sources */,
				0B72B8D2755846D7E544EF0D /* Tour.swift in Sources */,
			);
			runOnlyForDeploymentPostprocessing = 0;
		};
/* End PBXSourcesBuildPhase section */

/* Begin PBXTargetDependency section */
		408D71392669127900F272A2 /* PBXTargetDependency */ = {
			isa = PBXTargetDependency;
			target = 408D71262669127900F272A2 /* tourmeapp (iOS) */;
			targetProxy = 408D71382669127900F272A2 /* PBXContainerItemProxy */;
		};
/* End PBXTargetDependency section */

/* Begin PBXVariantGroup section */
		406E0046279208670067DD01 /* Localizable.strings */ = {
			isa = PBXVariantGroup;
			children = (
				406E0045279208670067DD01 /* en */,
				406E00482792087D0067DD01 /* es */,
				406E004E279217270067DD01 /* pt */,
			);
			name = Localizable.strings;
			sourceTree = "<group>";
		};
/* End PBXVariantGroup section */

/* Begin XCBuildConfiguration section */
		408D714F2669127900F272A2 /* Debug */ = {
			isa = XCBuildConfiguration;
			buildSettings = {
				ALWAYS_SEARCH_USER_PATHS = NO;
				ASSETCATALOG_COMPILER_GENERATE_SWIFT_ASSET_SYMBOL_EXTENSIONS = YES;
				CLANG_ANALYZER_LOCALIZABILITY_NONLOCALIZED = YES;
				CLANG_ANALYZER_NONNULL = YES;
				CLANG_ANALYZER_NUMBER_OBJECT_CONVERSION = YES_AGGRESSIVE;
				CLANG_CXX_LANGUAGE_STANDARD = "gnu++14";
				CLANG_CXX_LIBRARY = "libc++";
				CLANG_ENABLE_MODULES = YES;
				CLANG_ENABLE_OBJC_ARC = YES;
				CLANG_ENABLE_OBJC_WEAK = YES;
				CLANG_WARN_BLOCK_CAPTURE_AUTORELEASING = YES;
				CLANG_WARN_BOOL_CONVERSION = YES;
				CLANG_WARN_COMMA = YES;
				CLANG_WARN_CONSTANT_CONVERSION = YES;
				CLANG_WARN_DEPRECATED_OBJC_IMPLEMENTATIONS = YES;
				CLANG_WARN_DIRECT_OBJC_ISA_USAGE = YES_ERROR;
				CLANG_WARN_DOCUMENTATION_COMMENTS = YES;
				CLANG_WARN_EMPTY_BODY = YES;
				CLANG_WARN_ENUM_CONVERSION = YES;
				CLANG_WARN_INFINITE_RECURSION = YES;
				CLANG_WARN_INT_CONVERSION = YES;
				CLANG_WARN_NON_LITERAL_NULL_CONVERSION = YES;
				CLANG_WARN_OBJC_IMPLICIT_RETAIN_SELF = YES;
				CLANG_WARN_OBJC_LITERAL_CONVERSION = YES;
				CLANG_WARN_OBJC_ROOT_CLASS = YES_ERROR;
				CLANG_WARN_QUOTED_INCLUDE_IN_FRAMEWORK_HEADER = YES;
				CLANG_WARN_RANGE_LOOP_ANALYSIS = YES;
				CLANG_WARN_STRICT_PROTOTYPES = YES;
				CLANG_WARN_SUSPICIOUS_MOVE = YES;
				CLANG_WARN_UNGUARDED_AVAILABILITY = YES_AGGRESSIVE;
				CLANG_WARN_UNREACHABLE_CODE = YES;
				CLANG_WARN__DUPLICATE_METHOD_MATCH = YES;
				COPY_PHASE_STRIP = NO;
				DEAD_CODE_STRIPPING = YES;
				DEBUG_INFORMATION_FORMAT = dwarf;
				ENABLE_STRICT_OBJC_MSGSEND = YES;
				ENABLE_TESTABILITY = YES;
				ENABLE_USER_SCRIPT_SANDBOXING = YES;
				GCC_C_LANGUAGE_STANDARD = gnu11;
				GCC_DYNAMIC_NO_PIC = NO;
				GCC_NO_COMMON_BLOCKS = YES;
				GCC_OPTIMIZATION_LEVEL = 0;
				GCC_PREPROCESSOR_DEFINITIONS = (
					"DEBUG=1",
					"$(inherited)",
				);
				GCC_WARN_64_TO_32_BIT_CONVERSION = YES;
				GCC_WARN_ABOUT_RETURN_TYPE = YES_ERROR;
				GCC_WARN_UNDECLARED_SELECTOR = YES;
				GCC_WARN_UNINITIALIZED_AUTOS = YES_AGGRESSIVE;
				GCC_WARN_UNUSED_FUNCTION = YES;
				GCC_WARN_UNUSED_VARIABLE = YES;
				IPHONEOS_DEPLOYMENT_TARGET = 14.0;
				MTL_ENABLE_DEBUG_INFO = INCLUDE_SOURCE;
				MTL_FAST_MATH = YES;
				ONLY_ACTIVE_ARCH = YES;
				SWIFT_ACTIVE_COMPILATION_CONDITIONS = DEBUG;
				SWIFT_OPTIMIZATION_LEVEL = "-Onone";
			};
			name = Debug;
		};
		408D71502669127900F272A2 /* Release */ = {
			isa = XCBuildConfiguration;
			buildSettings = {
				ALWAYS_SEARCH_USER_PATHS = NO;
				ASSETCATALOG_COMPILER_GENERATE_SWIFT_ASSET_SYMBOL_EXTENSIONS = YES;
				CLANG_ANALYZER_LOCALIZABILITY_NONLOCALIZED = YES;
				CLANG_ANALYZER_NONNULL = YES;
				CLANG_ANALYZER_NUMBER_OBJECT_CONVERSION = YES_AGGRESSIVE;
				CLANG_CXX_LANGUAGE_STANDARD = "gnu++14";
				CLANG_CXX_LIBRARY = "libc++";
				CLANG_ENABLE_MODULES = YES;
				CLANG_ENABLE_OBJC_ARC = YES;
				CLANG_ENABLE_OBJC_WEAK = YES;
				CLANG_WARN_BLOCK_CAPTURE_AUTORELEASING = YES;
				CLANG_WARN_BOOL_CONVERSION = YES;
				CLANG_WARN_COMMA = YES;
				CLANG_WARN_CONSTANT_CONVERSION = YES;
				CLANG_WARN_DEPRECATED_OBJC_IMPLEMENTATIONS = YES;
				CLANG_WARN_DIRECT_OBJC_ISA_USAGE = YES_ERROR;
				CLANG_WARN_DOCUMENTATION_COMMENTS = YES;
				CLANG_WARN_EMPTY_BODY = YES;
				CLANG_WARN_ENUM_CONVERSION = YES;
				CLANG_WARN_INFINITE_RECURSION = YES;
				CLANG_WARN_INT_CONVERSION = YES;
				CLANG_WARN_NON_LITERAL_NULL_CONVERSION = YES;
				CLANG_WARN_OBJC_IMPLICIT_RETAIN_SELF = YES;
				CLANG_WARN_OBJC_LITERAL_CONVERSION = YES;
				CLANG_WARN_OBJC_ROOT_CLASS = YES_ERROR;
				CLANG_WARN_QUOTED_INCLUDE_IN_FRAMEWORK_HEADER = YES;
				CLANG_WARN_RANGE_LOOP_ANALYSIS = YES;
				CLANG_WARN_STRICT_PROTOTYPES = YES;
				CLANG_WARN_SUSPICIOUS_MOVE = YES;
				CLANG_WARN_UNGUARDED_AVAILABILITY = YES_AGGRESSIVE;
				CLANG_WARN_UNREACHABLE_CODE = YES;
				CLANG_WARN__DUPLICATE_METHOD_MATCH = YES;
				COPY_PHASE_STRIP = NO;
				DEAD_CODE_STRIPPING = YES;
				DEBUG_INFORMATION_FORMAT = "dwarf-with-dsym";
				ENABLE_NS_ASSERTIONS = NO;
				ENABLE_STRICT_OBJC_MSGSEND = YES;
				ENABLE_USER_SCRIPT_SANDBOXING = YES;
				GCC_C_LANGUAGE_STANDARD = gnu11;
				GCC_NO_COMMON_BLOCKS = YES;
				GCC_WARN_64_TO_32_BIT_CONVERSION = YES;
				GCC_WARN_ABOUT_RETURN_TYPE = YES_ERROR;
				GCC_WARN_UNDECLARED_SELECTOR = YES;
				GCC_WARN_UNINITIALIZED_AUTOS = YES_AGGRESSIVE;
				GCC_WARN_UNUSED_FUNCTION = YES;
				GCC_WARN_UNUSED_VARIABLE = YES;
				IPHONEOS_DEPLOYMENT_TARGET = 14.0;
				MTL_ENABLE_DEBUG_INFO = NO;
				MTL_FAST_MATH = YES;
				SWIFT_COMPILATION_MODE = wholemodule;
				SWIFT_OPTIMIZATION_LEVEL = "-O";
			};
			name = Release;
		};
		408D71522669127900F272A2 /* Debug */ = {
			isa = XCBuildConfiguration;
			baseConfigurationReference = 6316FD519E881E621DEF1873 /* Pods-tourmeapp (iOS).debug.xcconfig */;
			buildSettings = {
				ASSETCATALOG_COMPILER_APPICON_NAME = AppIcon;
				ASSETCATALOG_COMPILER_GLOBAL_ACCENT_COLOR_NAME = AccentColor;
				CODE_SIGN_ENTITLEMENTS = "tourmeapp (iOS).entitlements";
				CODE_SIGN_IDENTITY = "Apple Development";
				CODE_SIGN_STYLE = Automatic;
				CURRENT_PROJECT_VERSION = 10;
				DEVELOPMENT_TEAM = FHXYTGS22K;
				ENABLE_PREVIEWS = YES;
				ENABLE_USER_SCRIPT_SANDBOXING = NO;
				INFOPLIST_FILE = iOS/Info.plist;
				INFOPLIST_KEY_CFBundleDisplayName = Tourme;
				IPHONEOS_DEPLOYMENT_TARGET = 16.0;
				LD_RUNPATH_SEARCH_PATHS = (
					"$(inherited)",
					"@executable_path/Frameworks",
				);
				MARKETING_VERSION = 1.4.4;
				PRODUCT_BUNDLE_IDENTIFIER = net.tourmeapp.tourmeappisrael;
				PRODUCT_NAME = tourmeapp;
				PROVISIONING_PROFILE_SPECIFIER = "";
				SDKROOT = iphoneos;
				SUPPORTED_PLATFORMS = "iphoneos iphonesimulator";
				SUPPORTS_MACCATALYST = NO;
				SUPPORTS_MAC_DESIGNED_FOR_IPHONE_IPAD = NO;
				SUPPORTS_XR_DESIGNED_FOR_IPHONE_IPAD = NO;
				SWIFT_VERSION = 5.0;
				TARGETED_DEVICE_FAMILY = "1,2";
			};
			name = Debug;
		};
		408D71532669127900F272A2 /* Release */ = {
			isa = XCBuildConfiguration;
			baseConfigurationReference = 83496AE6BBBE41E7A2A41A8A /* Pods-tourmeapp (iOS).release.xcconfig */;
			buildSettings = {
				ASSETCATALOG_COMPILER_APPICON_NAME = AppIcon;
				ASSETCATALOG_COMPILER_GLOBAL_ACCENT_COLOR_NAME = AccentColor;
				CODE_SIGN_ENTITLEMENTS = "tourmeapp (iOS).entitlements";
				CODE_SIGN_IDENTITY = "Apple Development";
				CODE_SIGN_STYLE = Automatic;
				CURRENT_PROJECT_VERSION = 10;
				DEVELOPMENT_TEAM = FHXYTGS22K;
				ENABLE_PREVIEWS = YES;
				ENABLE_USER_SCRIPT_SANDBOXING = NO;
				INFOPLIST_FILE = iOS/Info.plist;
				INFOPLIST_KEY_CFBundleDisplayName = Tourme;
				IPHONEOS_DEPLOYMENT_TARGET = 16.0;
				LD_RUNPATH_SEARCH_PATHS = (
					"$(inherited)",
					"@executable_path/Frameworks",
				);
				MARKETING_VERSION = 1.4.4;
				PRODUCT_BUNDLE_IDENTIFIER = net.tourmeapp.tourmeappisrael;
				PRODUCT_NAME = tourmeapp;
				PROVISIONING_PROFILE_SPECIFIER = "";
				SDKROOT = iphoneos;
				SUPPORTED_PLATFORMS = "iphoneos iphonesimulator";
				SUPPORTS_MACCATALYST = NO;
				SUPPORTS_MAC_DESIGNED_FOR_IPHONE_IPAD = NO;
				SUPPORTS_XR_DESIGNED_FOR_IPHONE_IPAD = NO;
				SWIFT_VERSION = 5.0;
				TARGETED_DEVICE_FAMILY = "1,2";
				VALIDATE_PRODUCT = YES;
			};
			name = Release;
		};
		408D71582669127900F272A2 /* Debug */ = {
			isa = XCBuildConfiguration;
			buildSettings = {
				ALWAYS_EMBED_SWIFT_STANDARD_LIBRARIES = YES;
				CODE_SIGN_STYLE = Automatic;
				DEVELOPMENT_TEAM = 5YLJBMBLTJ;
				INFOPLIST_FILE = "Tests iOS/Info.plist";
				IPHONEOS_DEPLOYMENT_TARGET = 14.5;
				LD_RUNPATH_SEARCH_PATHS = (
					"$(inherited)",
					"@executable_path/Frameworks",
					"@loader_path/Frameworks",
				);
				PRODUCT_BUNDLE_IDENTIFIER = "com.burrisconsultinggroup.Tests-iOS";
				PRODUCT_NAME = "$(TARGET_NAME)";
				SDKROOT = iphoneos;
				SWIFT_VERSION = 5.0;
				TARGETED_DEVICE_FAMILY = "1,2";
				TEST_TARGET_NAME = "tourmeapp (iOS)";
			};
			name = Debug;
		};
		408D71592669127900F272A2 /* Release */ = {
			isa = XCBuildConfiguration;
			buildSettings = {
				ALWAYS_EMBED_SWIFT_STANDARD_LIBRARIES = YES;
				CODE_SIGN_STYLE = Automatic;
				DEVELOPMENT_TEAM = 5YLJBMBLTJ;
				INFOPLIST_FILE = "Tests iOS/Info.plist";
				IPHONEOS_DEPLOYMENT_TARGET = 14.5;
				LD_RUNPATH_SEARCH_PATHS = (
					"$(inherited)",
					"@executable_path/Frameworks",
					"@loader_path/Frameworks",
				);
				PRODUCT_BUNDLE_IDENTIFIER = "com.burrisconsultinggroup.Tests-iOS";
				PRODUCT_NAME = "$(TARGET_NAME)";
				SDKROOT = iphoneos;
				SWIFT_VERSION = 5.0;
				TARGETED_DEVICE_FAMILY = "1,2";
				TEST_TARGET_NAME = "tourmeapp (iOS)";
				VALIDATE_PRODUCT = YES;
			};
			name = Release;
		};
		408D715B2669127900F272A2 /* Debug */ = {
			isa = XCBuildConfiguration;
			buildSettings = {
				ALWAYS_EMBED_SWIFT_STANDARD_LIBRARIES = YES;
				CODE_SIGN_STYLE = Automatic;
				COMBINE_HIDPI_IMAGES = YES;
				DEAD_CODE_STRIPPING = YES;
				DEVELOPMENT_TEAM = 5YLJBMBLTJ;
				INFOPLIST_FILE = "Tests macOS/Info.plist";
				LD_RUNPATH_SEARCH_PATHS = (
					"$(inherited)",
					"@executable_path/../Frameworks",
					"@loader_path/../Frameworks",
				);
				MACOSX_DEPLOYMENT_TARGET = 11.3;
				PRODUCT_BUNDLE_IDENTIFIER = "com.burrisconsultinggroup.Tests-macOS";
				PRODUCT_NAME = "$(TARGET_NAME)";
				SDKROOT = macosx;
				SWIFT_VERSION = 5.0;
				TEST_TARGET_NAME = "tourmeapp (macOS)";
			};
			name = Debug;
		};
		408D715C2669127900F272A2 /* Release */ = {
			isa = XCBuildConfiguration;
			buildSettings = {
				ALWAYS_EMBED_SWIFT_STANDARD_LIBRARIES = YES;
				CODE_SIGN_STYLE = Automatic;
				COMBINE_HIDPI_IMAGES = YES;
				DEAD_CODE_STRIPPING = YES;
				DEVELOPMENT_TEAM = 5YLJBMBLTJ;
				INFOPLIST_FILE = "Tests macOS/Info.plist";
				LD_RUNPATH_SEARCH_PATHS = (
					"$(inherited)",
					"@executable_path/../Frameworks",
					"@loader_path/../Frameworks",
				);
				MACOSX_DEPLOYMENT_TARGET = 11.3;
				PRODUCT_BUNDLE_IDENTIFIER = "com.burrisconsultinggroup.Tests-macOS";
				PRODUCT_NAME = "$(TARGET_NAME)";
				SDKROOT = macosx;
				SWIFT_VERSION = 5.0;
				TEST_TARGET_NAME = "tourmeapp (macOS)";
			};
			name = Release;
		};
/* End XCBuildConfiguration section */

/* Begin XCConfigurationList section */
		408D711E2669127500F272A2 /* Build configuration list for PBXProject "tourmeapp" */ = {
			isa = XCConfigurationList;
			buildConfigurations = (
				408D714F2669127900F272A2 /* Debug */,
				408D71502669127900F272A2 /* Release */,
			);
			defaultConfigurationIsVisible = 0;
			defaultConfigurationName = Release;
		};
		408D71512669127900F272A2 /* Build configuration list for PBXNativeTarget "tourmeapp (iOS)" */ = {
			isa = XCConfigurationList;
			buildConfigurations = (
				408D71522669127900F272A2 /* Debug */,
				408D71532669127900F272A2 /* Release */,
			);
			defaultConfigurationIsVisible = 0;
			defaultConfigurationName = Release;
		};
		408D71572669127900F272A2 /* Build configuration list for PBXNativeTarget "Tests iOS" */ = {
			isa = XCConfigurationList;
			buildConfigurations = (
				408D71582669127900F272A2 /* Debug */,
				408D71592669127900F272A2 /* Release */,
			);
			defaultConfigurationIsVisible = 0;
			defaultConfigurationName = Release;
		};
		408D715A2669127900F272A2 /* Build configuration list for PBXNativeTarget "Tests macOS" */ = {
			isa = XCConfigurationList;
			buildConfigurations = (
				408D715B2669127900F272A2 /* Debug */,
				408D715C2669127900F272A2 /* Release */,
			);
			defaultConfigurationIsVisible = 0;
			defaultConfigurationName = Release;
		};
/* End XCConfigurationList section */

/* Begin XCRemoteSwiftPackageReference section */
		7B1F08612B0D02B000D7E4CD /* XCRemoteSwiftPackageReference "firebase-ios-sdk" */ = {
			isa = XCRemoteSwiftPackageReference;
			repositoryURL = "https://github.com/firebase/firebase-ios-sdk.git";
			requirement = {
				kind = upToNextMajorVersion;
				minimumVersion = 10.18.0;
			};
		};
		7BA3DA1F2B0F530D0025B5C1 /* XCRemoteSwiftPackageReference "FloatingLabelTextFieldSwiftUI" */ = {
			isa = XCRemoteSwiftPackageReference;
			repositoryURL = "https://github.com/kishanraja/FloatingLabelTextFieldSwiftUI.git";
			requirement = {
				kind = upToNextMajorVersion;
				minimumVersion = 5.0.0;
			};
		};
		7BA3DA222B0F6F810025B5C1 /* XCRemoteSwiftPackageReference "Kingfisher" */ = {
			isa = XCRemoteSwiftPackageReference;
			repositoryURL = "https://github.com/onevcat/Kingfisher.git";
			requirement = {
				kind = upToNextMajorVersion;
				minimumVersion = 7.10.0;
			};
		};
		7BA682202B765BDB0062FE8D /* XCRemoteSwiftPackageReference "YouTubePlayerKit" */ = {
			isa = XCRemoteSwiftPackageReference;
			repositoryURL = "https://github.com/SvenTiigi/YouTubePlayerKit";
			requirement = {
				kind = upToNextMajorVersion;
				minimumVersion = 1.7.0;
			};
		};
		7BEA64E02B3ACF2F006C18F8 /* XCRemoteSwiftPackageReference "ToastSwiftUI" */ = {
			isa = XCRemoteSwiftPackageReference;
			repositoryURL = "https://github.com/huynguyencong/ToastSwiftUI.git";
			requirement = {
				kind = upToNextMajorVersion;
				minimumVersion = 0.3.6;
			};
		};
/* End XCRemoteSwiftPackageReference section */

/* Begin XCSwiftPackageProductDependency section */
		7B1F08622B0D02B000D7E4CD /* FirebaseAnalytics */ = {
			isa = XCSwiftPackageProductDependency;
			package = 7B1F08612B0D02B000D7E4CD /* XCRemoteSwiftPackageReference "firebase-ios-sdk" */;
			productName = FirebaseAnalytics;
		};
		7B1F08642B0D02B000D7E4CD /* FirebaseCrashlytics */ = {
			isa = XCSwiftPackageProductDependency;
			package = 7B1F08612B0D02B000D7E4CD /* XCRemoteSwiftPackageReference "firebase-ios-sdk" */;
			productName = FirebaseCrashlytics;
		};
		7B1F08662B0D02B000D7E4CD /* FirebaseMessaging */ = {
			isa = XCSwiftPackageProductDependency;
			package = 7B1F08612B0D02B000D7E4CD /* XCRemoteSwiftPackageReference "firebase-ios-sdk" */;
			productName = FirebaseMessaging;
		};
		7B1F08682B0D02B000D7E4CD /* FirebasePerformance */ = {
			isa = XCSwiftPackageProductDependency;
			package = 7B1F08612B0D02B000D7E4CD /* XCRemoteSwiftPackageReference "firebase-ios-sdk" */;
			productName = FirebasePerformance;
		};
		7BA3DA202B0F530D0025B5C1 /* FloatingLabelTextFieldSwiftUI */ = {
			isa = XCSwiftPackageProductDependency;
			package = 7BA3DA1F2B0F530D0025B5C1 /* XCRemoteSwiftPackageReference "FloatingLabelTextFieldSwiftUI" */;
			productName = FloatingLabelTextFieldSwiftUI;
		};
		7BA3DA232B0F6F810025B5C1 /* Kingfisher */ = {
			isa = XCSwiftPackageProductDependency;
			package = 7BA3DA222B0F6F810025B5C1 /* XCRemoteSwiftPackageReference "Kingfisher" */;
			productName = Kingfisher;
		};
		7BA682212B765BDB0062FE8D /* YouTubePlayerKit */ = {
			isa = XCSwiftPackageProductDependency;
			package = 7BA682202B765BDB0062FE8D /* XCRemoteSwiftPackageReference "YouTubePlayerKit" */;
			productName = YouTubePlayerKit;
		};
		7BEA64E12B3ACF2F006C18F8 /* ToastSwiftUI */ = {
			isa = XCSwiftPackageProductDependency;
			package = 7BEA64E02B3ACF2F006C18F8 /* XCRemoteSwiftPackageReference "ToastSwiftUI" */;
			productName = ToastSwiftUI;
		};
/* End XCSwiftPackageProductDependency section */
	};
	rootObject = 408D711B2669127500F272A2 /* Project object */;
}
